// !$*UTF8*$!
{
	archiveVersion = 1;
	classes = {
	};
	objectVersion = 46;
	objects = {

/* Begin PBXBuildFile section */
		15C159531683161A00D239F2 /* libcocos2dx.a in Frameworks */ = {isa = PBXBuildFile; fileRef = 15C156CA1683158700D239F2 /* libcocos2dx.a */; settings = {ATTRIBUTES = (Required, ); }; };
		15C64823165F391E007D4F18 /* Cocoa.framework in Frameworks */ = {isa = PBXBuildFile; fileRef = 15C64822165F391E007D4F18 /* Cocoa.framework */; };
		15C64825165F3934007D4F18 /* OpenGL.framework in Frameworks */ = {isa = PBXBuildFile; fileRef = 15C64824165F3934007D4F18 /* OpenGL.framework */; };
		15C64827165F394E007D4F18 /* QuartzCore.framework in Frameworks */ = {isa = PBXBuildFile; fileRef = 15C64826165F394E007D4F18 /* QuartzCore.framework */; };
		15C64829165F396B007D4F18 /* OpenAL.framework in Frameworks */ = {isa = PBXBuildFile; fileRef = 15C64828165F396B007D4F18 /* OpenAL.framework */; };
		15C6482B165F3979007D4F18 /* ApplicationServices.framework in Frameworks */ = {isa = PBXBuildFile; fileRef = 15C6482A165F3979007D4F18 /* ApplicationServices.framework */; };
		15C6482D165F3988007D4F18 /* AudioToolbox.framework in Frameworks */ = {isa = PBXBuildFile; fileRef = 15C6482C165F3988007D4F18 /* AudioToolbox.framework */; };
		15C6482F165F399D007D4F18 /* libz.dylib in Frameworks */ = {isa = PBXBuildFile; fileRef = 15C6482E165F399D007D4F18 /* libz.dylib */; };
		15C64831165F39AB007D4F18 /* libxml2.dylib in Frameworks */ = {isa = PBXBuildFile; fileRef = 15C64830165F39AB007D4F18 /* libxml2.dylib */; };
		15C64833165F3AFD007D4F18 /* Foundation.framework in Frameworks */ = {isa = PBXBuildFile; fileRef = 15C64832165F3AFD007D4F18 /* Foundation.framework */; };
		15C6498716633E65007D4F18 /* libcurl.a in Frameworks */ = {isa = PBXBuildFile; fileRef = 15C6498616633E65007D4F18 /* libcurl.a */; };
		16EC78BF1901540D0044F7A0 /* AMapStrategy.cpp in Sources */ = {isa = PBXBuildFile; fileRef = 16EC78841901540C0044F7A0 /* AMapStrategy.cpp */; };
		16EC78C01901540D0044F7A0 /* ArcGisMapStrategy.cpp in Sources */ = {isa = PBXBuildFile; fileRef = 16EC78871901540C0044F7A0 /* ArcGisMapStrategy.cpp */; };
		16EC78C11901540D0044F7A0 /* BingMapStrategy.cpp in Sources */ = {isa = PBXBuildFile; fileRef = 16EC78891901540C0044F7A0 /* BingMapStrategy.cpp */; };
		16EC78C21901540D0044F7A0 /* BitmapCache.cpp in Sources */ = {isa = PBXBuildFile; fileRef = 16EC788B1901540C0044F7A0 /* BitmapCache.cpp */; };
		16EC78C31901540D0044F7A0 /* ControlLayer.cpp in Sources */ = {isa = PBXBuildFile; fileRef = 16EC788D1901540C0044F7A0 /* ControlLayer.cpp */; };
		16EC78C41901540D0044F7A0 /* Feature.cpp in Sources */ = {isa = PBXBuildFile; fileRef = 16EC788F1901540C0044F7A0 /* Feature.cpp */; };
		16EC78C51901540D0044F7A0 /* GeoUtils.cpp in Sources */ = {isa = PBXBuildFile; fileRef = 16EC78911901540C0044F7A0 /* GeoUtils.cpp */; };
		16EC78C61901540D0044F7A0 /* GoogleSatelliteMapStrategy.cpp in Sources */ = {isa = PBXBuildFile; fileRef = 16EC78931901540C0044F7A0 /* GoogleSatelliteMapStrategy.cpp */; };
		16EC78C71901540D0044F7A0 /* GoogleTerrainMapStrategy.cpp in Sources */ = {isa = PBXBuildFile; fileRef = 16EC78951901540C0044F7A0 /* GoogleTerrainMapStrategy.cpp */; };
		16EC78C81901540D0044F7A0 /* GoogleVectorMapStrategy.cpp in Sources */ = {isa = PBXBuildFile; fileRef = 16EC78971901540C0044F7A0 /* GoogleVectorMapStrategy.cpp */; };
		16EC78C91901540D0044F7A0 /* LayerSwitcher.cpp in Sources */ = {isa = PBXBuildFile; fileRef = 16EC78991901540C0044F7A0 /* LayerSwitcher.cpp */; };
		16EC78CA1901540D0044F7A0 /* MapControl.cpp in Sources */ = {isa = PBXBuildFile; fileRef = 16EC789B1901540C0044F7A0 /* MapControl.cpp */; };
		16EC78CB1901540D0044F7A0 /* MapStrategy.cpp in Sources */ = {isa = PBXBuildFile; fileRef = 16EC789D1901540C0044F7A0 /* MapStrategy.cpp */; };
		16EC78CC1901540D0044F7A0 /* MapStrategyFactory.cpp in Sources */ = {isa = PBXBuildFile; fileRef = 16EC789F1901540C0044F7A0 /* MapStrategyFactory.cpp */; };
		16EC78CD1901540D0044F7A0 /* MarkerLayer.cpp in Sources */ = {isa = PBXBuildFile; fileRef = 16EC78A11901540C0044F7A0 /* MarkerLayer.cpp */; };
		16EC78CE1901540D0044F7A0 /* OpenStreetMapStrategy.cpp in Sources */ = {isa = PBXBuildFile; fileRef = 16EC78A31901540C0044F7A0 /* OpenStreetMapStrategy.cpp */; };
		16EC78CF1901540D0044F7A0 /* PhysicMap.cpp in Sources */ = {isa = PBXBuildFile; fileRef = 16EC78A51901540C0044F7A0 /* PhysicMap.cpp */; };
		16EC78D01901540D0044F7A0 /* PublicMsgHandler.cpp in Sources */ = {isa = PBXBuildFile; fileRef = 16EC78A71901540C0044F7A0 /* PublicMsgHandler.cpp */; };
		16EC78D11901540D0044F7A0 /* RawTile.cpp in Sources */ = {isa = PBXBuildFile; fileRef = 16EC78A91901540C0044F7A0 /* RawTile.cpp */; };
		16EC78D21901540D0044F7A0 /* shell.c in Sources */ = {isa = PBXBuildFile; fileRef = 16EC78AB1901540C0044F7A0 /* shell.c */; };
		16EC78D31901540D0044F7A0 /* sqlite3.c in Sources */ = {isa = PBXBuildFile; fileRef = 16EC78AC1901540C0044F7A0 /* sqlite3.c */; };
		16EC78D41901540D0044F7A0 /* SqliteLocalStorage.cpp in Sources */ = {isa = PBXBuildFile; fileRef = 16EC78AF1901540D0044F7A0 /* SqliteLocalStorage.cpp */; };
		16EC78D51901540D0044F7A0 /* Style.cpp in Sources */ = {isa = PBXBuildFile; fileRef = 16EC78B11901540D0044F7A0 /* Style.cpp */; };
		16EC78D61901540D0044F7A0 /* SuperMapCloudMapStrategy.cpp in Sources */ = {isa = PBXBuildFile; fileRef = 16EC78B31901540D0044F7A0 /* SuperMapCloudMapStrategy.cpp */; };
		16EC78D71901540D0044F7A0 /* TiandituMapStrategy.cpp in Sources */ = {isa = PBXBuildFile; fileRef = 16EC78B51901540D0044F7A0 /* TiandituMapStrategy.cpp */; };
		16EC78D81901540D0044F7A0 /* TileLoader.cpp in Sources */ = {isa = PBXBuildFile; fileRef = 16EC78B71901540D0044F7A0 /* TileLoader.cpp */; };
		16EC78D91901540D0044F7A0 /* TileResolver.cpp in Sources */ = {isa = PBXBuildFile; fileRef = 16EC78B91901540D0044F7A0 /* TileResolver.cpp */; };
		16EC78DA1901540D0044F7A0 /* VectorLayer.cpp in Sources */ = {isa = PBXBuildFile; fileRef = 16EC78BB1901540D0044F7A0 /* VectorLayer.cpp */; };
		16EC78DB1901540D0044F7A0 /* VisibleRect.cpp in Sources */ = {isa = PBXBuildFile; fileRef = 16EC78BD1901540D0044F7A0 /* VisibleRect.cpp */; };
		1A9CE9A81765A889000E3062 /* libsqlite3.dylib in Frameworks */ = {isa = PBXBuildFile; fileRef = 1A9CE9A71765A889000E3062 /* libsqlite3.dylib */; };
		1AFAF8C316D3884900DB1158 /* CloseNormal.png in Resources */ = {isa = PBXBuildFile; fileRef = 1AFAF8C016D3884900DB1158 /* CloseNormal.png */; };
		1AFAF8C416D3884900DB1158 /* CloseSelected.png in Resources */ = {isa = PBXBuildFile; fileRef = 1AFAF8C116D3884900DB1158 /* CloseSelected.png */; };
		1AFAF8C516D3884900DB1158 /* HelloWorld.png in Resources */ = {isa = PBXBuildFile; fileRef = 1AFAF8C216D3884900DB1158 /* HelloWorld.png */; };
		1AFAF8CA16D3886000DB1158 /* AppDelegate.cpp in Sources */ = {isa = PBXBuildFile; fileRef = 1AFAF8C616D3886000DB1158 /* AppDelegate.cpp */; };
		1AFAF8CB16D3886000DB1158 /* HelloWorldScene.cpp in Sources */ = {isa = PBXBuildFile; fileRef = 1AFAF8C816D3886000DB1158 /* HelloWorldScene.cpp */; };
		41BC70E415BF81A5006A0A6C /* AppController.mm in Sources */ = {isa = PBXBuildFile; fileRef = 41BC70DA15BF81A5006A0A6C /* AppController.mm */; };
		41BC70E515BF81A5006A0A6C /* InfoPlist.strings in Resources */ = {isa = PBXBuildFile; fileRef = 41BC70DC15BF81A5006A0A6C /* InfoPlist.strings */; };
		41BC70E615BF81A5006A0A6C /* MainMenu.xib in Resources */ = {isa = PBXBuildFile; fileRef = 41BC70DE15BF81A5006A0A6C /* MainMenu.xib */; };
		41BC70E715BF81A5006A0A6C /* Icon.icns in Resources */ = {isa = PBXBuildFile; fileRef = 41BC70E015BF81A5006A0A6C /* Icon.icns */; };
		41BC70E815BF81A5006A0A6C /* main.m in Sources */ = {isa = PBXBuildFile; fileRef = 41BC70E115BF81A5006A0A6C /* main.m */; };
/* End PBXBuildFile section */

/* Begin PBXContainerItemProxy section */
		15C156C91683158700D239F2 /* PBXContainerItemProxy */ = {
			isa = PBXContainerItemProxy;
			containerPortal = 15C156C21683158700D239F2 /* cocos2dx.xcodeproj */;
			proxyType = 2;
			remoteGlobalIDString = 1551A33F158F2AB200E66CFE;
			remoteInfo = cocos2dx;
		};
		15C159511683161500D239F2 /* PBXContainerItemProxy */ = {
			isa = PBXContainerItemProxy;
			containerPortal = 15C156C21683158700D239F2 /* cocos2dx.xcodeproj */;
			proxyType = 1;
			remoteGlobalIDString = 1551A33E158F2AB200E66CFE;
			remoteInfo = cocos2dx;
		};
/* End PBXContainerItemProxy section */

/* Begin PBXFileReference section */
		15C156C21683158700D239F2 /* cocos2dx.xcodeproj */ = {isa = PBXFileReference; lastKnownFileType = "wrapper.pb-project"; name = cocos2dx.xcodeproj; path = ../../../cocos2dx/proj.mac/cocos2dx.xcodeproj; sourceTree = "<group>"; };
		15C64822165F391E007D4F18 /* Cocoa.framework */ = {isa = PBXFileReference; lastKnownFileType = wrapper.framework; name = Cocoa.framework; path = Platforms/MacOSX.platform/Developer/SDKs/MacOSX10.8.sdk/System/Library/Frameworks/Cocoa.framework; sourceTree = DEVELOPER_DIR; };
		15C64824165F3934007D4F18 /* OpenGL.framework */ = {isa = PBXFileReference; lastKnownFileType = wrapper.framework; name = OpenGL.framework; path = Platforms/MacOSX.platform/Developer/SDKs/MacOSX10.8.sdk/System/Library/Frameworks/OpenGL.framework; sourceTree = DEVELOPER_DIR; };
		15C64826165F394E007D4F18 /* QuartzCore.framework */ = {isa = PBXFileReference; lastKnownFileType = wrapper.framework; name = QuartzCore.framework; path = Platforms/MacOSX.platform/Developer/SDKs/MacOSX10.8.sdk/System/Library/Frameworks/QuartzCore.framework; sourceTree = DEVELOPER_DIR; };
		15C64828165F396B007D4F18 /* OpenAL.framework */ = {isa = PBXFileReference; lastKnownFileType = wrapper.framework; name = OpenAL.framework; path = Platforms/MacOSX.platform/Developer/SDKs/MacOSX10.8.sdk/System/Library/Frameworks/OpenAL.framework; sourceTree = DEVELOPER_DIR; };
		15C6482A165F3979007D4F18 /* ApplicationServices.framework */ = {isa = PBXFileReference; lastKnownFileType = wrapper.framework; name = ApplicationServices.framework; path = Platforms/MacOSX.platform/Developer/SDKs/MacOSX10.8.sdk/System/Library/Frameworks/ApplicationServices.framework; sourceTree = DEVELOPER_DIR; };
		15C6482C165F3988007D4F18 /* AudioToolbox.framework */ = {isa = PBXFileReference; lastKnownFileType = wrapper.framework; name = AudioToolbox.framework; path = Platforms/MacOSX.platform/Developer/SDKs/MacOSX10.8.sdk/System/Library/Frameworks/AudioToolbox.framework; sourceTree = DEVELOPER_DIR; };
		15C6482E165F399D007D4F18 /* libz.dylib */ = {isa = PBXFileReference; lastKnownFileType = "compiled.mach-o.dylib"; name = libz.dylib; path = Platforms/MacOSX.platform/Developer/SDKs/MacOSX10.8.sdk/usr/lib/libz.dylib; sourceTree = DEVELOPER_DIR; };
		15C64830165F39AB007D4F18 /* libxml2.dylib */ = {isa = PBXFileReference; lastKnownFileType = "compiled.mach-o.dylib"; name = libxml2.dylib; path = Platforms/MacOSX.platform/Developer/SDKs/MacOSX10.8.sdk/usr/lib/libxml2.dylib; sourceTree = DEVELOPER_DIR; };
		15C64832165F3AFD007D4F18 /* Foundation.framework */ = {isa = PBXFileReference; lastKnownFileType = wrapper.framework; name = Foundation.framework; path = Platforms/MacOSX.platform/Developer/SDKs/MacOSX10.8.sdk/System/Library/Frameworks/Foundation.framework; sourceTree = DEVELOPER_DIR; };
		15C6498616633E65007D4F18 /* libcurl.a */ = {isa = PBXFileReference; lastKnownFileType = archive.ar; name = libcurl.a; path = ../../cocos2dx/platform/third_party/ios/libraries/libcurl.a; sourceTree = "<group>"; };
		16EC78841901540C0044F7A0 /* AMapStrategy.cpp */ = {isa = PBXFileReference; fileEncoding = 4; lastKnownFileType = sourcecode.cpp.cpp; name = AMapStrategy.cpp; path = ../Classes/AMapStrategy.cpp; sourceTree = "<group>"; };
		16EC78851901540C0044F7A0 /* AMapStrategy.h */ = {isa = PBXFileReference; fileEncoding = 4; lastKnownFileType = sourcecode.c.h; name = AMapStrategy.h; path = ../Classes/AMapStrategy.h; sourceTree = "<group>"; };
		16EC78861901540C0044F7A0 /* AppMacros.h */ = {isa = PBXFileReference; fileEncoding = 4; lastKnownFileType = sourcecode.c.h; name = AppMacros.h; path = ../Classes/AppMacros.h; sourceTree = "<group>"; };
		16EC78871901540C0044F7A0 /* ArcGisMapStrategy.cpp */ = {isa = PBXFileReference; fileEncoding = 4; lastKnownFileType = sourcecode.cpp.cpp; name = ArcGisMapStrategy.cpp; path = ../Classes/ArcGisMapStrategy.cpp; sourceTree = "<group>"; };
		16EC78881901540C0044F7A0 /* ArcGisMapStrategy.h */ = {isa = PBXFileReference; fileEncoding = 4; lastKnownFileType = sourcecode.c.h; name = ArcGisMapStrategy.h; path = ../Classes/ArcGisMapStrategy.h; sourceTree = "<group>"; };
		16EC78891901540C0044F7A0 /* BingMapStrategy.cpp */ = {isa = PBXFileReference; fileEncoding = 4; lastKnownFileType = sourcecode.cpp.cpp; name = BingMapStrategy.cpp; path = ../Classes/BingMapStrategy.cpp; sourceTree = "<group>"; };
		16EC788A1901540C0044F7A0 /* BingMapStrategy.h */ = {isa = PBXFileReference; fileEncoding = 4; lastKnownFileType = sourcecode.c.h; name = BingMapStrategy.h; path = ../Classes/BingMapStrategy.h; sourceTree = "<group>"; };
		16EC788B1901540C0044F7A0 /* BitmapCache.cpp */ = {isa = PBXFileReference; fileEncoding = 4; lastKnownFileType = sourcecode.cpp.cpp; name = BitmapCache.cpp; path = ../Classes/BitmapCache.cpp; sourceTree = "<group>"; };
		16EC788C1901540C0044F7A0 /* BitmapCache.h */ = {isa = PBXFileReference; fileEncoding = 4; lastKnownFileType = sourcecode.c.h; name = BitmapCache.h; path = ../Classes/BitmapCache.h; sourceTree = "<group>"; };
		16EC788D1901540C0044F7A0 /* ControlLayer.cpp */ = {isa = PBXFileReference; fileEncoding = 4; lastKnownFileType = sourcecode.cpp.cpp; name = ControlLayer.cpp; path = ../Classes/ControlLayer.cpp; sourceTree = "<group>"; };
		16EC788E1901540C0044F7A0 /* ControlLayer.h */ = {isa = PBXFileReference; fileEncoding = 4; lastKnownFileType = sourcecode.c.h; name = ControlLayer.h; path = ../Classes/ControlLayer.h; sourceTree = "<group>"; };
		16EC788F1901540C0044F7A0 /* Feature.cpp */ = {isa = PBXFileReference; fileEncoding = 4; lastKnownFileType = sourcecode.cpp.cpp; name = Feature.cpp; path = ../Classes/Feature.cpp; sourceTree = "<group>"; };
		16EC78901901540C0044F7A0 /* Feature.h */ = {isa = PBXFileReference; fileEncoding = 4; lastKnownFileType = sourcecode.c.h; name = Feature.h; path = ../Classes/Feature.h; sourceTree = "<group>"; };
		16EC78911901540C0044F7A0 /* GeoUtils.cpp */ = {isa = PBXFileReference; fileEncoding = 4; lastKnownFileType = sourcecode.cpp.cpp; name = GeoUtils.cpp; path = ../Classes/GeoUtils.cpp; sourceTree = "<group>"; };
		16EC78921901540C0044F7A0 /* GeoUtils.h */ = {isa = PBXFileReference; fileEncoding = 4; lastKnownFileType = sourcecode.c.h; name = GeoUtils.h; path = ../Classes/GeoUtils.h; sourceTree = "<group>"; };
		16EC78931901540C0044F7A0 /* GoogleSatelliteMapStrategy.cpp */ = {isa = PBXFileReference; fileEncoding = 4; lastKnownFileType = sourcecode.cpp.cpp; name = GoogleSatelliteMapStrategy.cpp; path = ../Classes/GoogleSatelliteMapStrategy.cpp; sourceTree = "<group>"; };
		16EC78941901540C0044F7A0 /* GoogleSatelliteMapStrategy.h */ = {isa = PBXFileReference; fileEncoding = 4; lastKnownFileType = sourcecode.c.h; name = GoogleSatelliteMapStrategy.h; path = ../Classes/GoogleSatelliteMapStrategy.h; sourceTree = "<group>"; };
		16EC78951901540C0044F7A0 /* GoogleTerrainMapStrategy.cpp */ = {isa = PBXFileReference; fileEncoding = 4; lastKnownFileType = sourcecode.cpp.cpp; name = GoogleTerrainMapStrategy.cpp; path = ../Classes/GoogleTerrainMapStrategy.cpp; sourceTree = "<group>"; };
		16EC78961901540C0044F7A0 /* GoogleTerrainMapStrategy.h */ = {isa = PBXFileReference; fileEncoding = 4; lastKnownFileType = sourcecode.c.h; name = GoogleTerrainMapStrategy.h; path = ../Classes/GoogleTerrainMapStrategy.h; sourceTree = "<group>"; };
		16EC78971901540C0044F7A0 /* GoogleVectorMapStrategy.cpp */ = {isa = PBXFileReference; fileEncoding = 4; lastKnownFileType = sourcecode.cpp.cpp; name = GoogleVectorMapStrategy.cpp; path = ../Classes/GoogleVectorMapStrategy.cpp; sourceTree = "<group>"; };
		16EC78981901540C0044F7A0 /* GoogleVectorMapStrategy.h */ = {isa = PBXFileReference; fileEncoding = 4; lastKnownFileType = sourcecode.c.h; name = GoogleVectorMapStrategy.h; path = ../Classes/GoogleVectorMapStrategy.h; sourceTree = "<group>"; };
		16EC78991901540C0044F7A0 /* LayerSwitcher.cpp */ = {isa = PBXFileReference; fileEncoding = 4; lastKnownFileType = sourcecode.cpp.cpp; name = LayerSwitcher.cpp; path = ../Classes/LayerSwitcher.cpp; sourceTree = "<group>"; };
		16EC789A1901540C0044F7A0 /* LayerSwitcher.h */ = {isa = PBXFileReference; fileEncoding = 4; lastKnownFileType = sourcecode.c.h; name = LayerSwitcher.h; path = ../Classes/LayerSwitcher.h; sourceTree = "<group>"; };
		16EC789B1901540C0044F7A0 /* MapControl.cpp */ = {isa = PBXFileReference; fileEncoding = 4; lastKnownFileType = sourcecode.cpp.cpp; name = MapControl.cpp; path = ../Classes/MapControl.cpp; sourceTree = "<group>"; };
		16EC789C1901540C0044F7A0 /* MapControl.h */ = {isa = PBXFileReference; fileEncoding = 4; lastKnownFileType = sourcecode.c.h; name = MapControl.h; path = ../Classes/MapControl.h; sourceTree = "<group>"; };
		16EC789D1901540C0044F7A0 /* MapStrategy.cpp */ = {isa = PBXFileReference; fileEncoding = 4; lastKnownFileType = sourcecode.cpp.cpp; name = MapStrategy.cpp; path = ../Classes/MapStrategy.cpp; sourceTree = "<group>"; };
		16EC789E1901540C0044F7A0 /* MapStrategy.h */ = {isa = PBXFileReference; fileEncoding = 4; lastKnownFileType = sourcecode.c.h; name = MapStrategy.h; path = ../Classes/MapStrategy.h; sourceTree = "<group>"; };
		16EC789F1901540C0044F7A0 /* MapStrategyFactory.cpp */ = {isa = PBXFileReference; fileEncoding = 4; lastKnownFileType = sourcecode.cpp.cpp; name = MapStrategyFactory.cpp; path = ../Classes/MapStrategyFactory.cpp; sourceTree = "<group>"; };
		16EC78A01901540C0044F7A0 /* MapStrategyFactory.h */ = {isa = PBXFileReference; fileEncoding = 4; lastKnownFileType = sourcecode.c.h; name = MapStrategyFactory.h; path = ../Classes/MapStrategyFactory.h; sourceTree = "<group>"; };
		16EC78A11901540C0044F7A0 /* MarkerLayer.cpp */ = {isa = PBXFileReference; fileEncoding = 4; lastKnownFileType = sourcecode.cpp.cpp; name = MarkerLayer.cpp; path = ../Classes/MarkerLayer.cpp; sourceTree = "<group>"; };
		16EC78A21901540C0044F7A0 /* MarkerLayer.h */ = {isa = PBXFileReference; fileEncoding = 4; lastKnownFileType = sourcecode.c.h; name = MarkerLayer.h; path = ../Classes/MarkerLayer.h; sourceTree = "<group>"; };
		16EC78A31901540C0044F7A0 /* OpenStreetMapStrategy.cpp */ = {isa = PBXFileReference; fileEncoding = 4; lastKnownFileType = sourcecode.cpp.cpp; name = OpenStreetMapStrategy.cpp; path = ../Classes/OpenStreetMapStrategy.cpp; sourceTree = "<group>"; };
		16EC78A41901540C0044F7A0 /* OpenStreetMapStrategy.h */ = {isa = PBXFileReference; fileEncoding = 4; lastKnownFileType = sourcecode.c.h; name = OpenStreetMapStrategy.h; path = ../Classes/OpenStreetMapStrategy.h; sourceTree = "<group>"; };
		16EC78A51901540C0044F7A0 /* PhysicMap.cpp */ = {isa = PBXFileReference; fileEncoding = 4; lastKnownFileType = sourcecode.cpp.cpp; name = PhysicMap.cpp; path = ../Classes/PhysicMap.cpp; sourceTree = "<group>"; };
		16EC78A61901540C0044F7A0 /* PhysicMap.h */ = {isa = PBXFileReference; fileEncoding = 4; lastKnownFileType = sourcecode.c.h; name = PhysicMap.h; path = ../Classes/PhysicMap.h; sourceTree = "<group>"; };
		16EC78A71901540C0044F7A0 /* PublicMsgHandler.cpp */ = {isa = PBXFileReference; fileEncoding = 4; lastKnownFileType = sourcecode.cpp.cpp; name = PublicMsgHandler.cpp; path = ../Classes/PublicMsgHandler.cpp; sourceTree = "<group>"; };
		16EC78A81901540C0044F7A0 /* PublicMsgHandler.h */ = {isa = PBXFileReference; fileEncoding = 4; lastKnownFileType = sourcecode.c.h; name = PublicMsgHandler.h; path = ../Classes/PublicMsgHandler.h; sourceTree = "<group>"; };
		16EC78A91901540C0044F7A0 /* RawTile.cpp */ = {isa = PBXFileReference; fileEncoding = 4; lastKnownFileType = sourcecode.cpp.cpp; name = RawTile.cpp; path = ../Classes/RawTile.cpp; sourceTree = "<group>"; };
		16EC78AA1901540C0044F7A0 /* RawTile.h */ = {isa = PBXFileReference; fileEncoding = 4; lastKnownFileType = sourcecode.c.h; name = RawTile.h; path = ../Classes/RawTile.h; sourceTree = "<group>"; };
		16EC78AB1901540C0044F7A0 /* shell.c */ = {isa = PBXFileReference; fileEncoding = 4; lastKnownFileType = sourcecode.c.c; name = shell.c; path = ../Classes/shell.c; sourceTree = "<group>"; };
		16EC78AC1901540C0044F7A0 /* sqlite3.c */ = {isa = PBXFileReference; fileEncoding = 4; lastKnownFileType = sourcecode.c.c; name = sqlite3.c; path = ../Classes/sqlite3.c; sourceTree = "<group>"; };
		16EC78AD1901540D0044F7A0 /* sqlite3.h */ = {isa = PBXFileReference; fileEncoding = 4; lastKnownFileType = sourcecode.c.h; name = sqlite3.h; path = ../Classes/sqlite3.h; sourceTree = "<group>"; };
		16EC78AE1901540D0044F7A0 /* sqlite3ext.h */ = {isa = PBXFileReference; fileEncoding = 4; lastKnownFileType = sourcecode.c.h; name = sqlite3ext.h; path = ../Classes/sqlite3ext.h; sourceTree = "<group>"; };
		16EC78AF1901540D0044F7A0 /* SqliteLocalStorage.cpp */ = {isa = PBXFileReference; fileEncoding = 4; lastKnownFileType = sourcecode.cpp.cpp; name = SqliteLocalStorage.cpp; path = ../Classes/SqliteLocalStorage.cpp; sourceTree = "<group>"; };
		16EC78B01901540D0044F7A0 /* SqliteLocalStorage.h */ = {isa = PBXFileReference; fileEncoding = 4; lastKnownFileType = sourcecode.c.h; name = SqliteLocalStorage.h; path = ../Classes/SqliteLocalStorage.h; sourceTree = "<group>"; };
		16EC78B11901540D0044F7A0 /* Style.cpp */ = {isa = PBXFileReference; fileEncoding = 4; lastKnownFileType = sourcecode.cpp.cpp; name = Style.cpp; path = ../Classes/Style.cpp; sourceTree = "<group>"; };
		16EC78B21901540D0044F7A0 /* Style.h */ = {isa = PBXFileReference; fileEncoding = 4; lastKnownFileType = sourcecode.c.h; name = Style.h; path = ../Classes/Style.h; sourceTree = "<group>"; };
		16EC78B31901540D0044F7A0 /* SuperMapCloudMapStrategy.cpp */ = {isa = PBXFileReference; fileEncoding = 4; lastKnownFileType = sourcecode.cpp.cpp; name = SuperMapCloudMapStrategy.cpp; path = ../Classes/SuperMapCloudMapStrategy.cpp; sourceTree = "<group>"; };
		16EC78B41901540D0044F7A0 /* SuperMapCloudMapStrategy.h */ = {isa = PBXFileReference; fileEncoding = 4; lastKnownFileType = sourcecode.c.h; name = SuperMapCloudMapStrategy.h; path = ../Classes/SuperMapCloudMapStrategy.h; sourceTree = "<group>"; };
		16EC78B51901540D0044F7A0 /* TiandituMapStrategy.cpp */ = {isa = PBXFileReference; fileEncoding = 4; lastKnownFileType = sourcecode.cpp.cpp; name = TiandituMapStrategy.cpp; path = ../Classes/TiandituMapStrategy.cpp; sourceTree = "<group>"; };
		16EC78B61901540D0044F7A0 /* TiandituMapStrategy.h */ = {isa = PBXFileReference; fileEncoding = 4; lastKnownFileType = sourcecode.c.h; name = TiandituMapStrategy.h; path = ../Classes/TiandituMapStrategy.h; sourceTree = "<group>"; };
		16EC78B71901540D0044F7A0 /* TileLoader.cpp */ = {isa = PBXFileReference; fileEncoding = 4; lastKnownFileType = sourcecode.cpp.cpp; name = TileLoader.cpp; path = ../Classes/TileLoader.cpp; sourceTree = "<group>"; };
		16EC78B81901540D0044F7A0 /* TileLoader.h */ = {isa = PBXFileReference; fileEncoding = 4; lastKnownFileType = sourcecode.c.h; name = TileLoader.h; path = ../Classes/TileLoader.h; sourceTree = "<group>"; };
		16EC78B91901540D0044F7A0 /* TileResolver.cpp */ = {isa = PBXFileReference; fileEncoding = 4; lastKnownFileType = sourcecode.cpp.cpp; name = TileResolver.cpp; path = ../Classes/TileResolver.cpp; sourceTree = "<group>"; };
		16EC78BA1901540D0044F7A0 /* TileResolver.h */ = {isa = PBXFileReference; fileEncoding = 4; lastKnownFileType = sourcecode.c.h; name = TileResolver.h; path = ../Classes/TileResolver.h; sourceTree = "<group>"; };
		16EC78BB1901540D0044F7A0 /* VectorLayer.cpp */ = {isa = PBXFileReference; fileEncoding = 4; lastKnownFileType = sourcecode.cpp.cpp; name = VectorLayer.cpp; path = ../Classes/VectorLayer.cpp; sourceTree = "<group>"; };
		16EC78BC1901540D0044F7A0 /* VectorLayer.h */ = {isa = PBXFileReference; fileEncoding = 4; lastKnownFileType = sourcecode.c.h; name = VectorLayer.h; path = ../Classes/VectorLayer.h; sourceTree = "<group>"; };
		16EC78BD1901540D0044F7A0 /* VisibleRect.cpp */ = {isa = PBXFileReference; fileEncoding = 4; lastKnownFileType = sourcecode.cpp.cpp; name = VisibleRect.cpp; path = ../Classes/VisibleRect.cpp; sourceTree = "<group>"; };
		16EC78BE1901540D0044F7A0 /* VisibleRect.h */ = {isa = PBXFileReference; fileEncoding = 4; lastKnownFileType = sourcecode.c.h; name = VisibleRect.h; path = ../Classes/VisibleRect.h; sourceTree = "<group>"; };
		1A9CE9A71765A889000E3062 /* libsqlite3.dylib */ = {isa = PBXFileReference; lastKnownFileType = "compiled.mach-o.dylib"; name = libsqlite3.dylib; path = usr/lib/libsqlite3.dylib; sourceTree = SDKROOT; };
		1AFAF8C016D3884900DB1158 /* CloseNormal.png */ = {isa = PBXFileReference; lastKnownFileType = image.png; path = CloseNormal.png; sourceTree = "<group>"; };
		1AFAF8C116D3884900DB1158 /* CloseSelected.png */ = {isa = PBXFileReference; lastKnownFileType = image.png; path = CloseSelected.png; sourceTree = "<group>"; };
		1AFAF8C216D3884900DB1158 /* HelloWorld.png */ = {isa = PBXFileReference; lastKnownFileType = image.png; path = HelloWorld.png; sourceTree = "<group>"; };
		1AFAF8C616D3886000DB1158 /* AppDelegate.cpp */ = {isa = PBXFileReference; fileEncoding = 4; lastKnownFileType = sourcecode.cpp.cpp; name = AppDelegate.cpp; path = ../Classes/AppDelegate.cpp; sourceTree = "<group>"; };
		1AFAF8C716D3886000DB1158 /* AppDelegate.h */ = {isa = PBXFileReference; fileEncoding = 4; lastKnownFileType = sourcecode.c.h; name = AppDelegate.h; path = ../Classes/AppDelegate.h; sourceTree = "<group>"; };
		1AFAF8C816D3886000DB1158 /* HelloWorldScene.cpp */ = {isa = PBXFileReference; fileEncoding = 4; lastKnownFileType = sourcecode.cpp.cpp; name = HelloWorldScene.cpp; path = ../Classes/HelloWorldScene.cpp; sourceTree = "<group>"; };
		1AFAF8C916D3886000DB1158 /* HelloWorldScene.h */ = {isa = PBXFileReference; fileEncoding = 4; lastKnownFileType = sourcecode.c.h; name = HelloWorldScene.h; path = ../Classes/HelloWorldScene.h; sourceTree = "<group>"; };
		1D6058910D05DD3D006BFB54 /* sunMap.app */ = {isa = PBXFileReference; explicitFileType = wrapper.application; includeInIndex = 0; path = sunMap.app; sourceTree = BUILT_PRODUCTS_DIR; };
		41BC70D915BF81A5006A0A6C /* AppController.h */ = {isa = PBXFileReference; fileEncoding = 4; lastKnownFileType = sourcecode.c.h; path = AppController.h; sourceTree = SOURCE_ROOT; };
		41BC70DA15BF81A5006A0A6C /* AppController.mm */ = {isa = PBXFileReference; fileEncoding = 4; lastKnownFileType = sourcecode.cpp.objcpp; path = AppController.mm; sourceTree = SOURCE_ROOT; };
		41BC70DD15BF81A5006A0A6C /* en */ = {isa = PBXFileReference; lastKnownFileType = text.plist.strings; name = en; path = InfoPlist.strings; sourceTree = "<group>"; };
		41BC70DF15BF81A5006A0A6C /* en */ = {isa = PBXFileReference; lastKnownFileType = file.xib; name = en; path = MainMenu.xib; sourceTree = "<group>"; };
		41BC70E015BF81A5006A0A6C /* Icon.icns */ = {isa = PBXFileReference; lastKnownFileType = image.icns; path = Icon.icns; sourceTree = SOURCE_ROOT; };
		41BC70E115BF81A5006A0A6C /* main.m */ = {isa = PBXFileReference; fileEncoding = 4; lastKnownFileType = sourcecode.c.objc; path = main.m; sourceTree = SOURCE_ROOT; };
		41BC70E215BF81A5006A0A6C /* Info.plist */ = {isa = PBXFileReference; fileEncoding = 4; lastKnownFileType = text.plist.xml; path = Info.plist; sourceTree = SOURCE_ROOT; };
		41BC70E315BF81A5006A0A6C /* Prefix.pch */ = {isa = PBXFileReference; fileEncoding = 4; lastKnownFileType = sourcecode.c.h; path = Prefix.pch; sourceTree = SOURCE_ROOT; };
/* End PBXFileReference section */

/* Begin PBXFrameworksBuildPhase section */
		1D60588F0D05DD3D006BFB54 /* Frameworks */ = {
			isa = PBXFrameworksBuildPhase;
			buildActionMask = 2147483647;
			files = (
				1A9CE9A81765A889000E3062 /* libsqlite3.dylib in Frameworks */,
				15C159531683161A00D239F2 /* libcocos2dx.a in Frameworks */,
				15C6498716633E65007D4F18 /* libcurl.a in Frameworks */,
				15C64833165F3AFD007D4F18 /* Foundation.framework in Frameworks */,
				15C64831165F39AB007D4F18 /* libxml2.dylib in Frameworks */,
				15C6482F165F399D007D4F18 /* libz.dylib in Frameworks */,
				15C6482D165F3988007D4F18 /* AudioToolbox.framework in Frameworks */,
				15C6482B165F3979007D4F18 /* ApplicationServices.framework in Frameworks */,
				15C64829165F396B007D4F18 /* OpenAL.framework in Frameworks */,
				15C64827165F394E007D4F18 /* QuartzCore.framework in Frameworks */,
				15C64825165F3934007D4F18 /* OpenGL.framework in Frameworks */,
				15C64823165F391E007D4F18 /* Cocoa.framework in Frameworks */,
			);
			runOnlyForDeploymentPostprocessing = 0;
		};
/* End PBXFrameworksBuildPhase section */

/* Begin PBXGroup section */
		15AA9C4015B7EC450033D6C2 /* Classes */ = {
			isa = PBXGroup;
			children = (
				16EC78841901540C0044F7A0 /* AMapStrategy.cpp */,
				16EC78851901540C0044F7A0 /* AMapStrategy.h */,
				16EC78861901540C0044F7A0 /* AppMacros.h */,
				16EC78871901540C0044F7A0 /* ArcGisMapStrategy.cpp */,
				16EC78881901540C0044F7A0 /* ArcGisMapStrategy.h */,
				16EC78891901540C0044F7A0 /* BingMapStrategy.cpp */,
				16EC788A1901540C0044F7A0 /* BingMapStrategy.h */,
				16EC788B1901540C0044F7A0 /* BitmapCache.cpp */,
				16EC788C1901540C0044F7A0 /* BitmapCache.h */,
				16EC788D1901540C0044F7A0 /* ControlLayer.cpp */,
				16EC788E1901540C0044F7A0 /* ControlLayer.h */,
				16EC788F1901540C0044F7A0 /* Feature.cpp */,
				16EC78901901540C0044F7A0 /* Feature.h */,
				16EC78911901540C0044F7A0 /* GeoUtils.cpp */,
				16EC78921901540C0044F7A0 /* GeoUtils.h */,
				16EC78931901540C0044F7A0 /* GoogleSatelliteMapStrategy.cpp */,
				16EC78941901540C0044F7A0 /* GoogleSatelliteMapStrategy.h */,
				16EC78951901540C0044F7A0 /* GoogleTerrainMapStrategy.cpp */,
				16EC78961901540C0044F7A0 /* GoogleTerrainMapStrategy.h */,
				16EC78971901540C0044F7A0 /* GoogleVectorMapStrategy.cpp */,
				16EC78981901540C0044F7A0 /* GoogleVectorMapStrategy.h */,
				16EC78991901540C0044F7A0 /* LayerSwitcher.cpp */,
				16EC789A1901540C0044F7A0 /* LayerSwitcher.h */,
				16EC789B1901540C0044F7A0 /* MapControl.cpp */,
				16EC789C1901540C0044F7A0 /* MapControl.h */,
				16EC789D1901540C0044F7A0 /* MapStrategy.cpp */,
				16EC789E1901540C0044F7A0 /* MapStrategy.h */,
				16EC789F1901540C0044F7A0 /* MapStrategyFactory.cpp */,
				16EC78A01901540C0044F7A0 /* MapStrategyFactory.h */,
				16EC78A11901540C0044F7A0 /* MarkerLayer.cpp */,
				16EC78A21901540C0044F7A0 /* MarkerLayer.h */,
				16EC78A31901540C0044F7A0 /* OpenStreetMapStrategy.cpp */,
				16EC78A41901540C0044F7A0 /* OpenStreetMapStrategy.h */,
				16EC78A51901540C0044F7A0 /* PhysicMap.cpp */,
				16EC78A61901540C0044F7A0 /* PhysicMap.h */,
				16EC78A71901540C0044F7A0 /* PublicMsgHandler.cpp */,
				16EC78A81901540C0044F7A0 /* PublicMsgHandler.h */,
				16EC78A91901540C0044F7A0 /* RawTile.cpp */,
				16EC78AA1901540C0044F7A0 /* RawTile.h */,
				16EC78AB1901540C0044F7A0 /* shell.c */,
				16EC78AC1901540C0044F7A0 /* sqlite3.c */,
				16EC78AD1901540D0044F7A0 /* sqlite3.h */,
				16EC78AE1901540D0044F7A0 /* sqlite3ext.h */,
				16EC78AF1901540D0044F7A0 /* SqliteLocalStorage.cpp */,
				16EC78B01901540D0044F7A0 /* SqliteLocalStorage.h */,
				16EC78B11901540D0044F7A0 /* Style.cpp */,
				16EC78B21901540D0044F7A0 /* Style.h */,
				16EC78B31901540D0044F7A0 /* SuperMapCloudMapStrategy.cpp */,
				16EC78B41901540D0044F7A0 /* SuperMapCloudMapStrategy.h */,
				16EC78B51901540D0044F7A0 /* TiandituMapStrategy.cpp */,
				16EC78B61901540D0044F7A0 /* TiandituMapStrategy.h */,
				16EC78B71901540D0044F7A0 /* TileLoader.cpp */,
				16EC78B81901540D0044F7A0 /* TileLoader.h */,
				16EC78B91901540D0044F7A0 /* TileResolver.cpp */,
				16EC78BA1901540D0044F7A0 /* TileResolver.h */,
				16EC78BB1901540D0044F7A0 /* VectorLayer.cpp */,
				16EC78BC1901540D0044F7A0 /* VectorLayer.h */,
				16EC78BD1901540D0044F7A0 /* VisibleRect.cpp */,
				16EC78BE1901540D0044F7A0 /* VisibleRect.h */,
				1AFAF8C616D3886000DB1158 /* AppDelegate.cpp */,
				1AFAF8C716D3886000DB1158 /* AppDelegate.h */,
				1AFAF8C816D3886000DB1158 /* HelloWorldScene.cpp */,
				1AFAF8C916D3886000DB1158 /* HelloWorldScene.h */,
			);
			name = Classes;
			path = ../classes;
			sourceTree = "<group>";
		};
		15C156C31683158700D239F2 /* Products */ = {
			isa = PBXGroup;
			children = (
				15C156CA1683158700D239F2 /* libcocos2dx.a */,
			);
			name = Products;
			sourceTree = "<group>";
		};
		19C28FACFE9D520D11CA2CBB /* Products */ = {
			isa = PBXGroup;
			children = (
				1D6058910D05DD3D006BFB54 /* sunMap.app */,
			);
			name = Products;
			sourceTree = "<group>";
		};
		29B97314FDCFA39411CA2CEA /* CustomTemplate */ = {
			isa = PBXGroup;
			children = (
				1A9CE9A71765A889000E3062 /* libsqlite3.dylib */,
				15C156C21683158700D239F2 /* cocos2dx.xcodeproj */,
				15AA9C4015B7EC450033D6C2 /* Classes */,
				29B97323FDCFA39411CA2CEA /* Frameworks */,
				41BC70D815BF818D006A0A6C /* mac */,
				19C28FACFE9D520D11CA2CBB /* Products */,
				78C7DDAA14EBA5050085D0C2 /* Resources */,
			);
			name = CustomTemplate;
			sourceTree = "<group>";
		};
		29B97323FDCFA39411CA2CEA /* Frameworks */ = {
			isa = PBXGroup;
			children = (
				15C6498616633E65007D4F18 /* libcurl.a */,
				15C64830165F39AB007D4F18 /* libxml2.dylib */,
				15C6482E165F399D007D4F18 /* libz.dylib */,
				15C6482C165F3988007D4F18 /* AudioToolbox.framework */,
				15C6482A165F3979007D4F18 /* ApplicationServices.framework */,
				15C64828165F396B007D4F18 /* OpenAL.framework */,
				15C64826165F394E007D4F18 /* QuartzCore.framework */,
				15C64824165F3934007D4F18 /* OpenGL.framework */,
				15C64822165F391E007D4F18 /* Cocoa.framework */,
				15C64832165F3AFD007D4F18 /* Foundation.framework */,
			);
			name = Frameworks;
			sourceTree = "<group>";
		};
		41BC70D815BF818D006A0A6C /* mac */ = {
			isa = PBXGroup;
			children = (
				41BC70D915BF81A5006A0A6C /* AppController.h */,
				41BC70DA15BF81A5006A0A6C /* AppController.mm */,
				41BC70DB15BF81A5006A0A6C /* en.lproj */,
				41BC70E015BF81A5006A0A6C /* Icon.icns */,
				41BC70E115BF81A5006A0A6C /* main.m */,
				41BC70E215BF81A5006A0A6C /* Info.plist */,
				41BC70E315BF81A5006A0A6C /* Prefix.pch */,
			);
			name = mac;
			path = ../Resources;
			sourceTree = "<group>";
		};
		41BC70DB15BF81A5006A0A6C /* en.lproj */ = {
			isa = PBXGroup;
			children = (
				41BC70DC15BF81A5006A0A6C /* InfoPlist.strings */,
				41BC70DE15BF81A5006A0A6C /* MainMenu.xib */,
			);
			path = en.lproj;
			sourceTree = SOURCE_ROOT;
		};
		78C7DDAA14EBA5050085D0C2 /* Resources */ = {
			isa = PBXGroup;
			children = (
				1AFAF8C016D3884900DB1158 /* CloseNormal.png */,
				1AFAF8C116D3884900DB1158 /* CloseSelected.png */,
				1AFAF8C216D3884900DB1158 /* HelloWorld.png */,
			);
			name = Resources;
			path = ../Resources;
			sourceTree = "<group>";
		};
/* End PBXGroup section */

/* Begin PBXNativeTarget section */
		1D6058900D05DD3D006BFB54 /* sunMap */ = {
			isa = PBXNativeTarget;
			buildConfigurationList = 1D6058960D05DD3E006BFB54 /* Build configuration list for PBXNativeTarget "sunMap" */;
			buildPhases = (
				1D60588D0D05DD3D006BFB54 /* Resources */,
				1D60588E0D05DD3D006BFB54 /* Sources */,
				1D60588F0D05DD3D006BFB54 /* Frameworks */,
			);
			buildRules = (
			);
			dependencies = (
				15C159521683161500D239F2 /* PBXTargetDependency */,
			);
			name = sunMap;
			productName = iphone;
			productReference = 1D6058910D05DD3D006BFB54 /* sunMap.app */;
			productType = "com.apple.product-type.application";
		};
/* End PBXNativeTarget section */

/* Begin PBXProject section */
		29B97313FDCFA39411CA2CEA /* Project object */ = {
			isa = PBXProject;
			attributes = {
				LastUpgradeCheck = 0430;
			};
			buildConfigurationList = C01FCF4E08A954540054247B /* Build configuration list for PBXProject "sunMap" */;
			compatibilityVersion = "Xcode 3.2";
			developmentRegion = English;
			hasScannedForEncodings = 1;
			knownRegions = (
				English,
				Japanese,
				French,
				German,
				en,
			);
			mainGroup = 29B97314FDCFA39411CA2CEA /* CustomTemplate */;
			projectDirPath = "";
			projectReferences = (
				{
					ProductGroup = 15C156C31683158700D239F2 /* Products */;
					ProjectRef = 15C156C21683158700D239F2 /* cocos2dx.xcodeproj */;
				},
			);
			projectRoot = "";
			targets = (
				1D6058900D05DD3D006BFB54 /* sunMap */,
			);
		};
/* End PBXProject section */

/* Begin PBXReferenceProxy section */
		15C156CA1683158700D239F2 /* libcocos2dx.a */ = {
			isa = PBXReferenceProxy;
			fileType = archive.ar;
			path = libcocos2dx.a;
			remoteRef = 15C156C91683158700D239F2 /* PBXContainerItemProxy */;
			sourceTree = BUILT_PRODUCTS_DIR;
		};
/* End PBXReferenceProxy section */

/* Begin PBXResourcesBuildPhase section */
		1D60588D0D05DD3D006BFB54 /* Resources */ = {
			isa = PBXResourcesBuildPhase;
			buildActionMask = 2147483647;
			files = (
				41BC70E515BF81A5006A0A6C /* InfoPlist.strings in Resources */,
				41BC70E615BF81A5006A0A6C /* MainMenu.xib in Resources */,
				41BC70E715BF81A5006A0A6C /* Icon.icns in Resources */,
				1AFAF8C316D3884900DB1158 /* CloseNormal.png in Resources */,
				1AFAF8C416D3884900DB1158 /* CloseSelected.png in Resources */,
				1AFAF8C516D3884900DB1158 /* HelloWorld.png in Resources */,
			);
			runOnlyForDeploymentPostprocessing = 0;
		};
/* End PBXResourcesBuildPhase section */

/* Begin PBXSourcesBuildPhase section */
		1D60588E0D05DD3D006BFB54 /* Sources */ = {
			isa = PBXSourcesBuildPhase;
			buildActionMask = 2147483647;
			files = (
				41BC70E415BF81A5006A0A6C /* AppController.mm in Sources */,
				41BC70E815BF81A5006A0A6C /* main.m in Sources */,
				1AFAF8CA16D3886000DB1158 /* AppDelegate.cpp in Sources */,
				1AFAF8CB16D3886000DB1158 /* HelloWorldScene.cpp in Sources */,
				16EC78BF1901540D0044F7A0 /* AMapStrategy.cpp in Sources */,
				16EC78C01901540D0044F7A0 /* ArcGisMapStrategy.cpp in Sources */,
				16EC78C11901540D0044F7A0 /* BingMapStrategy.cpp in Sources */,
				16EC78C21901540D0044F7A0 /* BitmapCache.cpp in Sources */,
				16EC78C31901540D0044F7A0 /* ControlLayer.cpp in Sources */,
				16EC78C41901540D0044F7A0 /* Feature.cpp in Sources */,
				16EC78C51901540D0044F7A0 /* GeoUtils.cpp in Sources */,
				16EC78C61901540D0044F7A0 /* GoogleSatelliteMapStrategy.cpp in Sources */,
				16EC78C71901540D0044F7A0 /* GoogleTerrainMapStrategy.cpp in Sources */,
				16EC78C81901540D0044F7A0 /* GoogleVectorMapStrategy.cpp in Sources */,
				16EC78C91901540D0044F7A0 /* LayerSwitcher.cpp in Sources */,
				16EC78CA1901540D0044F7A0 /* MapControl.cpp in Sources */,
				16EC78CB1901540D0044F7A0 /* MapStrategy.cpp in Sources */,
				16EC78CC1901540D0044F7A0 /* MapStrategyFactory.cpp in Sources */,
				16EC78CD1901540D0044F7A0 /* MarkerLayer.cpp in Sources */,
				16EC78CE1901540D0044F7A0 /* OpenStreetMapStrategy.cpp in Sources */,
				16EC78CF1901540D0044F7A0 /* PhysicMap.cpp in Sources */,
				16EC78D01901540D0044F7A0 /* PublicMsgHandler.cpp in Sources */,
				16EC78D11901540D0044F7A0 /* RawTile.cpp in Sources */,
				16EC78D21901540D0044F7A0 /* shell.c in Sources */,
				16EC78D31901540D0044F7A0 /* sqlite3.c in Sources */,
				16EC78D41901540D0044F7A0 /* SqliteLocalStorage.cpp in Sources */,
				16EC78D51901540D0044F7A0 /* Style.cpp in Sources */,
				16EC78D61901540D0044F7A0 /* SuperMapCloudMapStrategy.cpp in Sources */,
				16EC78D71901540D0044F7A0 /* TiandituMapStrategy.cpp in Sources */,
				16EC78D81901540D0044F7A0 /* TileLoader.cpp in Sources */,
				16EC78D91901540D0044F7A0 /* TileResolver.cpp in Sources */,
				16EC78DA1901540D0044F7A0 /* VectorLayer.cpp in Sources */,
				16EC78DB1901540D0044F7A0 /* VisibleRect.cpp in Sources */,
			);
			runOnlyForDeploymentPostprocessing = 0;
		};
/* End PBXSourcesBuildPhase section */

/* Begin PBXTargetDependency section */
		15C159521683161500D239F2 /* PBXTargetDependency */ = {
			isa = PBXTargetDependency;
			name = cocos2dx;
			targetProxy = 15C159511683161500D239F2 /* PBXContainerItemProxy */;
		};
/* End PBXTargetDependency section */

/* Begin PBXVariantGroup section */
		41BC70DC15BF81A5006A0A6C /* InfoPlist.strings */ = {
			isa = PBXVariantGroup;
			children = (
				41BC70DD15BF81A5006A0A6C /* en */,
			);
			name = InfoPlist.strings;
			sourceTree = "<group>";
		};
		41BC70DE15BF81A5006A0A6C /* MainMenu.xib */ = {
			isa = PBXVariantGroup;
			children = (
				41BC70DF15BF81A5006A0A6C /* en */,
			);
			name = MainMenu.xib;
			sourceTree = "<group>";
		};
/* End PBXVariantGroup section */

/* Begin XCBuildConfiguration section */
		1D6058940D05DD3E006BFB54 /* Debug */ = {
			isa = XCBuildConfiguration;
			buildSettings = {
				ALWAYS_SEARCH_USER_PATHS = NO;
				CLANG_CXX_LIBRARY = "compiler-default";
				CODE_SIGN_IDENTITY = "";
				"CODE_SIGN_IDENTITY[sdk=iphoneos*]" = "";
				COPY_PHASE_STRIP = NO;
				GCC_DYNAMIC_NO_PIC = NO;
				GCC_INLINES_ARE_PRIVATE_EXTERN = NO;
				GCC_OPTIMIZATION_LEVEL = 0;
				GCC_PRECOMPILE_PREFIX_HEADER = YES;
				GCC_PREFIX_HEADER = Prefix.pch;
				GCC_PREPROCESSOR_DEFINITIONS = (
					USE_FILE32API,
					CC_TARGET_OS_MAC,
					"COCOS2D_DEBUG=1",
					CC_ENABLE_CHIPMUNK_INTEGRATION,
				);
				GCC_SYMBOLS_PRIVATE_EXTERN = NO;
				GCC_VERSION = "";
				HEADER_SEARCH_PATHS = (
					"$(SRCROOT)/../../../CocosDenshion/include",
					"\"$(SRCROOT)/../../../external/chipmunk/include/constraints\"",
					"\"$(SRCROOT)/../../../external/chipmunk/include/chipmunk\"",
					"\"$(SRCROOT)/../../../cocos2dx/kazmath/include\"",
					"\"$(SRCROOT)/../../../extensions\"",
					"\"$(SRCROOT)/../../../external\"",
					"\"$(SRCROOT)/../../../cocos2dx\"",
					"\"$(SRCROOT)/../../../cocos2dx/include\"",
					"\"$(SRCROOT)/../../../cocos2dx/platform/mac\"",
				);
				INFOPLIST_FILE = Info.plist;
				LIBRARY_SEARCH_PATHS = "\"$(SRCROOT)/../../../cocos2dx/platform/third_party/mac/libraries\"";
				MACOSX_DEPLOYMENT_TARGET = 10.6;
				OTHER_CFLAGS = "-O2";
				PRODUCT_NAME = sunMap;
				SDKROOT = macosx;
				USER_HEADER_SEARCH_PATHS = "";
				VALID_ARCHS = "i386 x86_64";
			};
			name = Debug;
		};
		1D6058950D05DD3E006BFB54 /* Release */ = {
			isa = XCBuildConfiguration;
			buildSettings = {
				ALWAYS_SEARCH_USER_PATHS = NO;
				CLANG_CXX_LIBRARY = "compiler-default";
				CODE_SIGN_IDENTITY = "";
				"CODE_SIGN_IDENTITY[sdk=iphoneos*]" = "";
				COPY_PHASE_STRIP = YES;
				GCC_INLINES_ARE_PRIVATE_EXTERN = NO;
				GCC_OPTIMIZATION_LEVEL = 0;
				GCC_PRECOMPILE_PREFIX_HEADER = YES;
				GCC_PREFIX_HEADER = Prefix.pch;
				GCC_PREPROCESSOR_DEFINITIONS = (
					CC_TARGET_OS_MAC,
					USE_FILE32API,
					CC_ENABLE_CHIPMUNK_INTEGRATION,
				);
				GCC_SYMBOLS_PRIVATE_EXTERN = NO;
				GCC_VERSION = "";
				HEADER_SEARCH_PATHS = (
					"$(SRCROOT)/../../../CocosDenshion/include",
					"\"$(SRCROOT)/../../../external/chipmunk/include/constraints\"",
					"\"$(SRCROOT)/../../../external/chipmunk/include/chipmunk\"",
					"\"$(SRCROOT)/../../../cocos2dx/kazmath/include\"",
					"\"$(SRCROOT)/../../../extensions\"",
					"\"$(SRCROOT)/../../../external\"",
					"\"$(SRCROOT)/../../../cocos2dx\"",
					"\"$(SRCROOT)/../../../cocos2dx/include\"",
					"\"$(SRCROOT)/../../../cocos2dx/platform/mac\"",
				);
				INFOPLIST_FILE = Info.plist;
				LIBRARY_SEARCH_PATHS = "\"$(SRCROOT)/../../../cocos2dx/platform/third_party/mac/libraries\"";
				MACOSX_DEPLOYMENT_TARGET = 10.6;
				PRODUCT_NAME = sunMap;
				SDKROOT = macosx;
				USER_HEADER_SEARCH_PATHS = "";
				VALIDATE_PRODUCT = YES;
				VALID_ARCHS = "i386 x86_64";
			};
			name = Release;
		};
		C01FCF4F08A954540054247B /* Debug */ = {
			isa = XCBuildConfiguration;
			buildSettings = {
				ARCHS = "$(ARCHS_STANDARD_32_64_BIT)";
				CLANG_CXX_LIBRARY = "compiler-default";
				GCC_C_LANGUAGE_STANDARD = c99;
				GCC_VERSION = "";
				GCC_WARN_ABOUT_RETURN_TYPE = YES;
				GCC_WARN_UNUSED_VARIABLE = YES;
				SDKROOT = macosx;
				VALID_ARCHS = "x86_64 i386";
			};
			name = Debug;
		};
		C01FCF5008A954540054247B /* Release */ = {
			isa = XCBuildConfiguration;
			buildSettings = {
				ARCHS = "$(ARCHS_STANDARD_32_64_BIT)";
				CLANG_CXX_LIBRARY = "compiler-default";
				GCC_C_LANGUAGE_STANDARD = c99;
				GCC_VERSION = "";
				GCC_WARN_ABOUT_RETURN_TYPE = YES;
				GCC_WARN_UNUSED_VARIABLE = YES;
				OTHER_CFLAGS = "-DNS_BLOCK_ASSERTIONS=1";
				SDKROOT = macosx;
				VALID_ARCHS = "x86_64 i386";
			};
			name = Release;
		};
/* End XCBuildConfiguration section */

/* Begin XCConfigurationList section */
		1D6058960D05DD3E006BFB54 /* Build configuration list for PBXNativeTarget "sunMap" */ = {
			isa = XCConfigurationList;
			buildConfigurations = (
				1D6058940D05DD3E006BFB54 /* Debug */,
				1D6058950D05DD3E006BFB54 /* Release */,
			);
			defaultConfigurationIsVisible = 0;
			defaultConfigurationName = Debug;
		};
		C01FCF4E08A954540054247B /* Build configuration list for PBXProject "sunMap" */ = {
			isa = XCConfigurationList;
			buildConfigurations = (
				C01FCF4F08A954540054247B /* Debug */,
				C01FCF5008A954540054247B /* Release */,
			);
			defaultConfigurationIsVisible = 0;
			defaultConfigurationName = Debug;
		};
/* End XCConfigurationList section */
	};
	rootObject = 29B97313FDCFA39411CA2CEA /* Project object */;
}
