// !$*UTF8*$!
{
	archiveVersion = 1;
	classes = {
	};
	objectVersion = 46;
	objects = {

/* Begin PBXBuildFile section */
		15A3DA6A1682F886002FB0C5 /* libcocos2dx.a in Frameworks */ = {isa = PBXBuildFile; fileRef = 15A3D8861682F7B3002FB0C5 /* libcocos2dx.a */; };
		16EC7918190155A80044F7A0 /* AMapStrategy.cpp in Sources */ = {isa = PBXBuildFile; fileRef = 16EC78DD190155A80044F7A0 /* AMapStrategy.cpp */; };
		16EC7919190155A80044F7A0 /* ArcGisMapStrategy.cpp in Sources */ = {isa = PBXBuildFile; fileRef = 16EC78E0190155A80044F7A0 /* ArcGisMapStrategy.cpp */; };
		16EC791A190155A80044F7A0 /* BingMapStrategy.cpp in Sources */ = {isa = PBXBuildFile; fileRef = 16EC78E2190155A80044F7A0 /* BingMapStrategy.cpp */; };
		16EC791B190155A80044F7A0 /* BitmapCache.cpp in Sources */ = {isa = PBXBuildFile; fileRef = 16EC78E4190155A80044F7A0 /* BitmapCache.cpp */; };
		16EC791C190155A80044F7A0 /* ControlLayer.cpp in Sources */ = {isa = PBXBuildFile; fileRef = 16EC78E6190155A80044F7A0 /* ControlLayer.cpp */; };
		16EC791D190155A80044F7A0 /* Feature.cpp in Sources */ = {isa = PBXBuildFile; fileRef = 16EC78E8190155A80044F7A0 /* Feature.cpp */; };
		16EC791E190155A80044F7A0 /* GeoUtils.cpp in Sources */ = {isa = PBXBuildFile; fileRef = 16EC78EA190155A80044F7A0 /* GeoUtils.cpp */; };
		16EC791F190155A80044F7A0 /* GoogleSatelliteMapStrategy.cpp in Sources */ = {isa = PBXBuildFile; fileRef = 16EC78EC190155A80044F7A0 /* GoogleSatelliteMapStrategy.cpp */; };
		16EC7920190155A80044F7A0 /* GoogleTerrainMapStrategy.cpp in Sources */ = {isa = PBXBuildFile; fileRef = 16EC78EE190155A80044F7A0 /* GoogleTerrainMapStrategy.cpp */; };
		16EC7921190155A80044F7A0 /* GoogleVectorMapStrategy.cpp in Sources */ = {isa = PBXBuildFile; fileRef = 16EC78F0190155A80044F7A0 /* GoogleVectorMapStrategy.cpp */; };
		16EC7922190155A80044F7A0 /* LayerSwitcher.cpp in Sources */ = {isa = PBXBuildFile; fileRef = 16EC78F2190155A80044F7A0 /* LayerSwitcher.cpp */; };
		16EC7923190155A80044F7A0 /* MapControl.cpp in Sources */ = {isa = PBXBuildFile; fileRef = 16EC78F4190155A80044F7A0 /* MapControl.cpp */; };
		16EC7924190155A80044F7A0 /* MapStrategy.cpp in Sources */ = {isa = PBXBuildFile; fileRef = 16EC78F6190155A80044F7A0 /* MapStrategy.cpp */; };
		16EC7925190155A80044F7A0 /* MapStrategyFactory.cpp in Sources */ = {isa = PBXBuildFile; fileRef = 16EC78F8190155A80044F7A0 /* MapStrategyFactory.cpp */; };
		16EC7926190155A80044F7A0 /* MarkerLayer.cpp in Sources */ = {isa = PBXBuildFile; fileRef = 16EC78FA190155A80044F7A0 /* MarkerLayer.cpp */; };
		16EC7927190155A80044F7A0 /* OpenStreetMapStrategy.cpp in Sources */ = {isa = PBXBuildFile; fileRef = 16EC78FC190155A80044F7A0 /* OpenStreetMapStrategy.cpp */; };
		16EC7928190155A80044F7A0 /* PhysicMap.cpp in Sources */ = {isa = PBXBuildFile; fileRef = 16EC78FE190155A80044F7A0 /* PhysicMap.cpp */; };
		16EC7929190155A80044F7A0 /* PublicMsgHandler.cpp in Sources */ = {isa = PBXBuildFile; fileRef = 16EC7900190155A80044F7A0 /* PublicMsgHandler.cpp */; };
		16EC792A190155A80044F7A0 /* RawTile.cpp in Sources */ = {isa = PBXBuildFile; fileRef = 16EC7902190155A80044F7A0 /* RawTile.cpp */; };
		16EC792B190155A80044F7A0 /* shell.c in Sources */ = {isa = PBXBuildFile; fileRef = 16EC7904190155A80044F7A0 /* shell.c */; };
		16EC792C190155A80044F7A0 /* sqlite3.c in Sources */ = {isa = PBXBuildFile; fileRef = 16EC7905190155A80044F7A0 /* sqlite3.c */; };
		16EC792D190155A80044F7A0 /* SqliteLocalStorage.cpp in Sources */ = {isa = PBXBuildFile; fileRef = 16EC7908190155A80044F7A0 /* SqliteLocalStorage.cpp */; };
		16EC792E190155A80044F7A0 /* Style.cpp in Sources */ = {isa = PBXBuildFile; fileRef = 16EC790A190155A80044F7A0 /* Style.cpp */; };
		16EC792F190155A80044F7A0 /* SuperMapCloudMapStrategy.cpp in Sources */ = {isa = PBXBuildFile; fileRef = 16EC790C190155A80044F7A0 /* SuperMapCloudMapStrategy.cpp */; };
		16EC7930190155A80044F7A0 /* TiandituMapStrategy.cpp in Sources */ = {isa = PBXBuildFile; fileRef = 16EC790E190155A80044F7A0 /* TiandituMapStrategy.cpp */; };
		16EC7931190155A80044F7A0 /* TileLoader.cpp in Sources */ = {isa = PBXBuildFile; fileRef = 16EC7910190155A80044F7A0 /* TileLoader.cpp */; };
		16EC7932190155A80044F7A0 /* TileResolver.cpp in Sources */ = {isa = PBXBuildFile; fileRef = 16EC7912190155A80044F7A0 /* TileResolver.cpp */; };
		16EC7933190155A80044F7A0 /* VectorLayer.cpp in Sources */ = {isa = PBXBuildFile; fileRef = 16EC7914190155A80044F7A0 /* VectorLayer.cpp */; };
		16EC7934190155A80044F7A0 /* VisibleRect.cpp in Sources */ = {isa = PBXBuildFile; fileRef = 16EC7916190155A80044F7A0 /* VisibleRect.cpp */; };
		16EC79D31901626C0044F7A0 /* combox.png in Resources */ = {isa = PBXBuildFile; fileRef = 16EC79D21901626C0044F7A0 /* combox.png */; };
		16EC79D5190162B70044F7A0 /* bg.png in Resources */ = {isa = PBXBuildFile; fileRef = 16EC79D4190162B70044F7A0 /* bg.png */; };
		1AC3624916D4A1E8000847F2 /* AppController.mm in Sources */ = {isa = PBXBuildFile; fileRef = 1AC3624316D4A1E8000847F2 /* AppController.mm */; };
		1AC3624B16D4A1E8000847F2 /* main.m in Sources */ = {isa = PBXBuildFile; fileRef = 1AC3624516D4A1E8000847F2 /* main.m */; };
		1ACB3244164770DE00914215 /* libcurl.a in Frameworks */ = {isa = PBXBuildFile; fileRef = 1ACB3243164770DE00914215 /* libcurl.a */; };
		1AFAF8B716D35DE700DB1158 /* AppDelegate.cpp in Sources */ = {isa = PBXBuildFile; fileRef = 1AFAF8B316D35DE700DB1158 /* AppDelegate.cpp */; };
		1AFAF8B816D35DE700DB1158 /* HelloWorldScene.cpp in Sources */ = {isa = PBXBuildFile; fileRef = 1AFAF8B516D35DE700DB1158 /* HelloWorldScene.cpp */; };
		1AFCDA8216D4A25900906EA6 /* RootViewController.mm in Sources */ = {isa = PBXBuildFile; fileRef = 1AFCDA8116D4A25900906EA6 /* RootViewController.mm */; };
		1D60589F0D05DD5A006BFB54 /* Foundation.framework in Frameworks */ = {isa = PBXBuildFile; fileRef = 1D30AB110D05D00D00671497 /* Foundation.framework */; };
		1DF5F4E00D08C38300B7A737 /* UIKit.framework in Frameworks */ = {isa = PBXBuildFile; fileRef = 1DF5F4DF0D08C38300B7A737 /* UIKit.framework */; };
		288765A50DF7441C002DB57D /* CoreGraphics.framework in Frameworks */ = {isa = PBXBuildFile; fileRef = 288765A40DF7441C002DB57D /* CoreGraphics.framework */; };
		7855E0E1153FEF240059DD9A /* Default.png in Resources */ = {isa = PBXBuildFile; fileRef = 7855E0DF153FEF240059DD9A /* Default.png */; };
		BF171245129291EC00B8313A /* OpenGLES.framework in Frameworks */ = {isa = PBXBuildFile; fileRef = BF170DB012928DE900B8313A /* OpenGLES.framework */; };
		BF1712461292920000B8313A /* libxml2.dylib in Frameworks */ = {isa = PBXBuildFile; fileRef = BF170DB212928DE900B8313A /* libxml2.dylib */; };
		BF1712471292920000B8313A /* libz.dylib in Frameworks */ = {isa = PBXBuildFile; fileRef = BF170DB412928DE900B8313A /* libz.dylib */; };
		BF1C47F01293687400B63C5D /* QuartzCore.framework in Frameworks */ = {isa = PBXBuildFile; fileRef = BF1C47EA1293683800B63C5D /* QuartzCore.framework */; };
		D41A0AD1160F154A004552AE /* Default-568h@2x.png in Resources */ = {isa = PBXBuildFile; fileRef = D41A0AD0160F154A004552AE /* Default-568h@2x.png */; };
		D446FD6E16102124000ADA7B /* Default@2x.png in Resources */ = {isa = PBXBuildFile; fileRef = D446FD6D16102124000ADA7B /* Default@2x.png */; };
		D44C620C132DFF330009C878 /* OpenAL.framework in Frameworks */ = {isa = PBXBuildFile; fileRef = D44C620B132DFF330009C878 /* OpenAL.framework */; };
		D44C620E132DFF430009C878 /* AVFoundation.framework in Frameworks */ = {isa = PBXBuildFile; fileRef = D44C620D132DFF430009C878 /* AVFoundation.framework */; };
		D44C6210132DFF4E0009C878 /* AudioToolbox.framework in Frameworks */ = {isa = PBXBuildFile; fileRef = D44C620F132DFF4E0009C878 /* AudioToolbox.framework */; };
		D4EF949A15BD2D8B00D803EB /* Icon-57.png in Resources */ = {isa = PBXBuildFile; fileRef = D4EF949915BD2D8B00D803EB /* Icon-57.png */; };
		D4EF949C15BD2D8E00D803EB /* Icon-114.png in Resources */ = {isa = PBXBuildFile; fileRef = D4EF949B15BD2D8E00D803EB /* Icon-114.png */; };
		D4EF949E15BD2D9600D803EB /* Icon-72.png in Resources */ = {isa = PBXBuildFile; fileRef = D4EF949D15BD2D9600D803EB /* Icon-72.png */; };
		D4EF94A015BD2D9800D803EB /* Icon-144.png in Resources */ = {isa = PBXBuildFile; fileRef = D4EF949F15BD2D9800D803EB /* Icon-144.png */; };
/* End PBXBuildFile section */

/* Begin PBXContainerItemProxy section */
		15A3D8851682F7B3002FB0C5 /* PBXContainerItemProxy */ = {
			isa = PBXContainerItemProxy;
			containerPortal = 15A3D87E1682F7B3002FB0C5 /* cocos2dx.xcodeproj */;
			proxyType = 2;
			remoteGlobalIDString = 1551A33F158F2AB200E66CFE;
			remoteInfo = cocos2dx;
		};
		15A3DA681682F881002FB0C5 /* PBXContainerItemProxy */ = {
			isa = PBXContainerItemProxy;
			containerPortal = 15A3D87E1682F7B3002FB0C5 /* cocos2dx.xcodeproj */;
			proxyType = 1;
			remoteGlobalIDString = 1551A33E158F2AB200E66CFE;
			remoteInfo = cocos2dx;
		};
/* End PBXContainerItemProxy section */

/* Begin PBXFileReference section */
		15A3D87E1682F7B3002FB0C5 /* cocos2dx.xcodeproj */ = {isa = PBXFileReference; lastKnownFileType = "wrapper.pb-project"; name = cocos2dx.xcodeproj; path = ../../../cocos2dx/proj.ios/cocos2dx.xcodeproj; sourceTree = "<group>"; };
		16EC78DD190155A80044F7A0 /* AMapStrategy.cpp */ = {isa = PBXFileReference; fileEncoding = 4; lastKnownFileType = sourcecode.cpp.cpp; name = AMapStrategy.cpp; path = ../Classes/AMapStrategy.cpp; sourceTree = "<group>"; };
		16EC78DE190155A80044F7A0 /* AMapStrategy.h */ = {isa = PBXFileReference; fileEncoding = 4; lastKnownFileType = sourcecode.c.h; name = AMapStrategy.h; path = ../Classes/AMapStrategy.h; sourceTree = "<group>"; };
		16EC78DF190155A80044F7A0 /* AppMacros.h */ = {isa = PBXFileReference; fileEncoding = 4; lastKnownFileType = sourcecode.c.h; name = AppMacros.h; path = ../Classes/AppMacros.h; sourceTree = "<group>"; };
		16EC78E0190155A80044F7A0 /* ArcGisMapStrategy.cpp */ = {isa = PBXFileReference; fileEncoding = 4; lastKnownFileType = sourcecode.cpp.cpp; name = ArcGisMapStrategy.cpp; path = ../Classes/ArcGisMapStrategy.cpp; sourceTree = "<group>"; };
		16EC78E1190155A80044F7A0 /* ArcGisMapStrategy.h */ = {isa = PBXFileReference; fileEncoding = 4; lastKnownFileType = sourcecode.c.h; name = ArcGisMapStrategy.h; path = ../Classes/ArcGisMapStrategy.h; sourceTree = "<group>"; };
		16EC78E2190155A80044F7A0 /* BingMapStrategy.cpp */ = {isa = PBXFileReference; fileEncoding = 4; lastKnownFileType = sourcecode.cpp.cpp; name = BingMapStrategy.cpp; path = ../Classes/BingMapStrategy.cpp; sourceTree = "<group>"; };
		16EC78E3190155A80044F7A0 /* BingMapStrategy.h */ = {isa = PBXFileReference; fileEncoding = 4; lastKnownFileType = sourcecode.c.h; name = BingMapStrategy.h; path = ../Classes/BingMapStrategy.h; sourceTree = "<group>"; };
		16EC78E4190155A80044F7A0 /* BitmapCache.cpp */ = {isa = PBXFileReference; fileEncoding = 4; lastKnownFileType = sourcecode.cpp.cpp; name = BitmapCache.cpp; path = ../Classes/BitmapCache.cpp; sourceTree = "<group>"; };
		16EC78E5190155A80044F7A0 /* BitmapCache.h */ = {isa = PBXFileReference; fileEncoding = 4; lastKnownFileType = sourcecode.c.h; name = BitmapCache.h; path = ../Classes/BitmapCache.h; sourceTree = "<group>"; };
		16EC78E6190155A80044F7A0 /* ControlLayer.cpp */ = {isa = PBXFileReference; fileEncoding = 4; lastKnownFileType = sourcecode.cpp.cpp; name = ControlLayer.cpp; path = ../Classes/ControlLayer.cpp; sourceTree = "<group>"; };
		16EC78E7190155A80044F7A0 /* ControlLayer.h */ = {isa = PBXFileReference; fileEncoding = 4; lastKnownFileType = sourcecode.c.h; name = ControlLayer.h; path = ../Classes/ControlLayer.h; sourceTree = "<group>"; };
		16EC78E8190155A80044F7A0 /* Feature.cpp */ = {isa = PBXFileReference; fileEncoding = 4; lastKnownFileType = sourcecode.cpp.cpp; name = Feature.cpp; path = ../Classes/Feature.cpp; sourceTree = "<group>"; };
		16EC78E9190155A80044F7A0 /* Feature.h */ = {isa = PBXFileReference; fileEncoding = 4; lastKnownFileType = sourcecode.c.h; name = Feature.h; path = ../Classes/Feature.h; sourceTree = "<group>"; };
		16EC78EA190155A80044F7A0 /* GeoUtils.cpp */ = {isa = PBXFileReference; fileEncoding = 4; lastKnownFileType = sourcecode.cpp.cpp; name = GeoUtils.cpp; path = ../Classes/GeoUtils.cpp; sourceTree = "<group>"; };
		16EC78EB190155A80044F7A0 /* GeoUtils.h */ = {isa = PBXFileReference; fileEncoding = 4; lastKnownFileType = sourcecode.c.h; name = GeoUtils.h; path = ../Classes/GeoUtils.h; sourceTree = "<group>"; };
		16EC78EC190155A80044F7A0 /* GoogleSatelliteMapStrategy.cpp */ = {isa = PBXFileReference; fileEncoding = 4; lastKnownFileType = sourcecode.cpp.cpp; name = GoogleSatelliteMapStrategy.cpp; path = ../Classes/GoogleSatelliteMapStrategy.cpp; sourceTree = "<group>"; };
		16EC78ED190155A80044F7A0 /* GoogleSatelliteMapStrategy.h */ = {isa = PBXFileReference; fileEncoding = 4; lastKnownFileType = sourcecode.c.h; name = GoogleSatelliteMapStrategy.h; path = ../Classes/GoogleSatelliteMapStrategy.h; sourceTree = "<group>"; };
		16EC78EE190155A80044F7A0 /* GoogleTerrainMapStrategy.cpp */ = {isa = PBXFileReference; fileEncoding = 4; lastKnownFileType = sourcecode.cpp.cpp; name = GoogleTerrainMapStrategy.cpp; path = ../Classes/GoogleTerrainMapStrategy.cpp; sourceTree = "<group>"; };
		16EC78EF190155A80044F7A0 /* GoogleTerrainMapStrategy.h */ = {isa = PBXFileReference; fileEncoding = 4; lastKnownFileType = sourcecode.c.h; name = GoogleTerrainMapStrategy.h; path = ../Classes/GoogleTerrainMapStrategy.h; sourceTree = "<group>"; };
		16EC78F0190155A80044F7A0 /* GoogleVectorMapStrategy.cpp */ = {isa = PBXFileReference; fileEncoding = 4; lastKnownFileType = sourcecode.cpp.cpp; name = GoogleVectorMapStrategy.cpp; path = ../Classes/GoogleVectorMapStrategy.cpp; sourceTree = "<group>"; };
		16EC78F1190155A80044F7A0 /* GoogleVectorMapStrategy.h */ = {isa = PBXFileReference; fileEncoding = 4; lastKnownFileType = sourcecode.c.h; name = GoogleVectorMapStrategy.h; path = ../Classes/GoogleVectorMapStrategy.h; sourceTree = "<group>"; };
		16EC78F2190155A80044F7A0 /* LayerSwitcher.cpp */ = {isa = PBXFileReference; fileEncoding = 4; lastKnownFileType = sourcecode.cpp.cpp; name = LayerSwitcher.cpp; path = ../Classes/LayerSwitcher.cpp; sourceTree = "<group>"; };
		16EC78F3190155A80044F7A0 /* LayerSwitcher.h */ = {isa = PBXFileReference; fileEncoding = 4; lastKnownFileType = sourcecode.c.h; name = LayerSwitcher.h; path = ../Classes/LayerSwitcher.h; sourceTree = "<group>"; };
		16EC78F4190155A80044F7A0 /* MapControl.cpp */ = {isa = PBXFileReference; fileEncoding = 4; lastKnownFileType = sourcecode.cpp.cpp; name = MapControl.cpp; path = ../Classes/MapControl.cpp; sourceTree = "<group>"; };
		16EC78F5190155A80044F7A0 /* MapControl.h */ = {isa = PBXFileReference; fileEncoding = 4; lastKnownFileType = sourcecode.c.h; name = MapControl.h; path = ../Classes/MapControl.h; sourceTree = "<group>"; };
		16EC78F6190155A80044F7A0 /* MapStrategy.cpp */ = {isa = PBXFileReference; fileEncoding = 4; lastKnownFileType = sourcecode.cpp.cpp; name = MapStrategy.cpp; path = ../Classes/MapStrategy.cpp; sourceTree = "<group>"; };
		16EC78F7190155A80044F7A0 /* MapStrategy.h */ = {isa = PBXFileReference; fileEncoding = 4; lastKnownFileType = sourcecode.c.h; name = MapStrategy.h; path = ../Classes/MapStrategy.h; sourceTree = "<group>"; };
		16EC78F8190155A80044F7A0 /* MapStrategyFactory.cpp */ = {isa = PBXFileReference; fileEncoding = 4; lastKnownFileType = sourcecode.cpp.cpp; name = MapStrategyFactory.cpp; path = ../Classes/MapStrategyFactory.cpp; sourceTree = "<group>"; };
		16EC78F9190155A80044F7A0 /* MapStrategyFactory.h */ = {isa = PBXFileReference; fileEncoding = 4; lastKnownFileType = sourcecode.c.h; name = MapStrategyFactory.h; path = ../Classes/MapStrategyFactory.h; sourceTree = "<group>"; };
		16EC78FA190155A80044F7A0 /* MarkerLayer.cpp */ = {isa = PBXFileReference; fileEncoding = 4; lastKnownFileType = sourcecode.cpp.cpp; name = MarkerLayer.cpp; path = ../Classes/MarkerLayer.cpp; sourceTree = "<group>"; };
		16EC78FB190155A80044F7A0 /* MarkerLayer.h */ = {isa = PBXFileReference; fileEncoding = 4; lastKnownFileType = sourcecode.c.h; name = MarkerLayer.h; path = ../Classes/MarkerLayer.h; sourceTree = "<group>"; };
		16EC78FC190155A80044F7A0 /* OpenStreetMapStrategy.cpp */ = {isa = PBXFileReference; fileEncoding = 4; lastKnownFileType = sourcecode.cpp.cpp; name = OpenStreetMapStrategy.cpp; path = ../Classes/OpenStreetMapStrategy.cpp; sourceTree = "<group>"; };
		16EC78FD190155A80044F7A0 /* OpenStreetMapStrategy.h */ = {isa = PBXFileReference; fileEncoding = 4; lastKnownFileType = sourcecode.c.h; name = OpenStreetMapStrategy.h; path = ../Classes/OpenStreetMapStrategy.h; sourceTree = "<group>"; };
		16EC78FE190155A80044F7A0 /* PhysicMap.cpp */ = {isa = PBXFileReference; fileEncoding = 4; lastKnownFileType = sourcecode.cpp.cpp; name = PhysicMap.cpp; path = ../Classes/PhysicMap.cpp; sourceTree = "<group>"; };
		16EC78FF190155A80044F7A0 /* PhysicMap.h */ = {isa = PBXFileReference; fileEncoding = 4; lastKnownFileType = sourcecode.c.h; name = PhysicMap.h; path = ../Classes/PhysicMap.h; sourceTree = "<group>"; };
		16EC7900190155A80044F7A0 /* PublicMsgHandler.cpp */ = {isa = PBXFileReference; fileEncoding = 4; lastKnownFileType = sourcecode.cpp.cpp; name = PublicMsgHandler.cpp; path = ../Classes/PublicMsgHandler.cpp; sourceTree = "<group>"; };
		16EC7901190155A80044F7A0 /* PublicMsgHandler.h */ = {isa = PBXFileReference; fileEncoding = 4; lastKnownFileType = sourcecode.c.h; name = PublicMsgHandler.h; path = ../Classes/PublicMsgHandler.h; sourceTree = "<group>"; };
		16EC7902190155A80044F7A0 /* RawTile.cpp */ = {isa = PBXFileReference; fileEncoding = 4; lastKnownFileType = sourcecode.cpp.cpp; name = RawTile.cpp; path = ../Classes/RawTile.cpp; sourceTree = "<group>"; };
		16EC7903190155A80044F7A0 /* RawTile.h */ = {isa = PBXFileReference; fileEncoding = 4; lastKnownFileType = sourcecode.c.h; name = RawTile.h; path = ../Classes/RawTile.h; sourceTree = "<group>"; };
		16EC7904190155A80044F7A0 /* shell.c */ = {isa = PBXFileReference; fileEncoding = 4; lastKnownFileType = sourcecode.c.c; name = shell.c; path = ../Classes/shell.c; sourceTree = "<group>"; };
		16EC7905190155A80044F7A0 /* sqlite3.c */ = {isa = PBXFileReference; fileEncoding = 4; lastKnownFileType = sourcecode.c.c; name = sqlite3.c; path = ../Classes/sqlite3.c; sourceTree = "<group>"; };
		16EC7906190155A80044F7A0 /* sqlite3.h */ = {isa = PBXFileReference; fileEncoding = 4; lastKnownFileType = sourcecode.c.h; name = sqlite3.h; path = ../Classes/sqlite3.h; sourceTree = "<group>"; };
		16EC7907190155A80044F7A0 /* sqlite3ext.h */ = {isa = PBXFileReference; fileEncoding = 4; lastKnownFileType = sourcecode.c.h; name = sqlite3ext.h; path = ../Classes/sqlite3ext.h; sourceTree = "<group>"; };
		16EC7908190155A80044F7A0 /* SqliteLocalStorage.cpp */ = {isa = PBXFileReference; fileEncoding = 4; lastKnownFileType = sourcecode.cpp.cpp; name = SqliteLocalStorage.cpp; path = ../Classes/SqliteLocalStorage.cpp; sourceTree = "<group>"; };
		16EC7909190155A80044F7A0 /* SqliteLocalStorage.h */ = {isa = PBXFileReference; fileEncoding = 4; lastKnownFileType = sourcecode.c.h; name = SqliteLocalStorage.h; path = ../Classes/SqliteLocalStorage.h; sourceTree = "<group>"; };
		16EC790A190155A80044F7A0 /* Style.cpp */ = {isa = PBXFileReference; fileEncoding = 4; lastKnownFileType = sourcecode.cpp.cpp; name = Style.cpp; path = ../Classes/Style.cpp; sourceTree = "<group>"; };
		16EC790B190155A80044F7A0 /* Style.h */ = {isa = PBXFileReference; fileEncoding = 4; lastKnownFileType = sourcecode.c.h; name = Style.h; path = ../Classes/Style.h; sourceTree = "<group>"; };
		16EC790C190155A80044F7A0 /* SuperMapCloudMapStrategy.cpp */ = {isa = PBXFileReference; fileEncoding = 4; lastKnownFileType = sourcecode.cpp.cpp; name = SuperMapCloudMapStrategy.cpp; path = ../Classes/SuperMapCloudMapStrategy.cpp; sourceTree = "<group>"; };
		16EC790D190155A80044F7A0 /* SuperMapCloudMapStrategy.h */ = {isa = PBXFileReference; fileEncoding = 4; lastKnownFileType = sourcecode.c.h; name = SuperMapCloudMapStrategy.h; path = ../Classes/SuperMapCloudMapStrategy.h; sourceTree = "<group>"; };
		16EC790E190155A80044F7A0 /* TiandituMapStrategy.cpp */ = {isa = PBXFileReference; fileEncoding = 4; lastKnownFileType = sourcecode.cpp.cpp; name = TiandituMapStrategy.cpp; path = ../Classes/TiandituMapStrategy.cpp; sourceTree = "<group>"; };
		16EC790F190155A80044F7A0 /* TiandituMapStrategy.h */ = {isa = PBXFileReference; fileEncoding = 4; lastKnownFileType = sourcecode.c.h; name = TiandituMapStrategy.h; path = ../Classes/TiandituMapStrategy.h; sourceTree = "<group>"; };
		16EC7910190155A80044F7A0 /* TileLoader.cpp */ = {isa = PBXFileReference; fileEncoding = 4; lastKnownFileType = sourcecode.cpp.cpp; name = TileLoader.cpp; path = ../Classes/TileLoader.cpp; sourceTree = "<group>"; };
		16EC7911190155A80044F7A0 /* TileLoader.h */ = {isa = PBXFileReference; fileEncoding = 4; lastKnownFileType = sourcecode.c.h; name = TileLoader.h; path = ../Classes/TileLoader.h; sourceTree = "<group>"; };
		16EC7912190155A80044F7A0 /* TileResolver.cpp */ = {isa = PBXFileReference; fileEncoding = 4; lastKnownFileType = sourcecode.cpp.cpp; name = TileResolver.cpp; path = ../Classes/TileResolver.cpp; sourceTree = "<group>"; };
		16EC7913190155A80044F7A0 /* TileResolver.h */ = {isa = PBXFileReference; fileEncoding = 4; lastKnownFileType = sourcecode.c.h; name = TileResolver.h; path = ../Classes/TileResolver.h; sourceTree = "<group>"; };
		16EC7914190155A80044F7A0 /* VectorLayer.cpp */ = {isa = PBXFileReference; fileEncoding = 4; lastKnownFileType = sourcecode.cpp.cpp; name = VectorLayer.cpp; path = ../Classes/VectorLayer.cpp; sourceTree = "<group>"; };
		16EC7915190155A80044F7A0 /* VectorLayer.h */ = {isa = PBXFileReference; fileEncoding = 4; lastKnownFileType = sourcecode.c.h; name = VectorLayer.h; path = ../Classes/VectorLayer.h; sourceTree = "<group>"; };
		16EC7916190155A80044F7A0 /* VisibleRect.cpp */ = {isa = PBXFileReference; fileEncoding = 4; lastKnownFileType = sourcecode.cpp.cpp; name = VisibleRect.cpp; path = ../Classes/VisibleRect.cpp; sourceTree = "<group>"; };
		16EC7917190155A80044F7A0 /* VisibleRect.h */ = {isa = PBXFileReference; fileEncoding = 4; lastKnownFileType = sourcecode.c.h; name = VisibleRect.h; path = ../Classes/VisibleRect.h; sourceTree = "<group>"; };
		16EC79D21901626C0044F7A0 /* combox.png */ = {isa = PBXFileReference; lastKnownFileType = image.png; path = combox.png; sourceTree = "<group>"; };
		16EC79D4190162B70044F7A0 /* bg.png */ = {isa = PBXFileReference; lastKnownFileType = image.png; path = bg.png; sourceTree = "<group>"; };
		1AC3624216D4A1E8000847F2 /* AppController.h */ = {isa = PBXFileReference; fileEncoding = 4; lastKnownFileType = sourcecode.c.h; path = AppController.h; sourceTree = SOURCE_ROOT; };
		1AC3624316D4A1E8000847F2 /* AppController.mm */ = {isa = PBXFileReference; fileEncoding = 4; lastKnownFileType = sourcecode.cpp.objcpp; path = AppController.mm; sourceTree = SOURCE_ROOT; };
		1AC3624516D4A1E8000847F2 /* main.m */ = {isa = PBXFileReference; fileEncoding = 4; lastKnownFileType = sourcecode.c.objc; path = main.m; sourceTree = SOURCE_ROOT; };
		1AC3624616D4A1E8000847F2 /* Prefix.pch */ = {isa = PBXFileReference; fileEncoding = 4; lastKnownFileType = sourcecode.c.h; path = Prefix.pch; sourceTree = SOURCE_ROOT; };
		1ACB3243164770DE00914215 /* libcurl.a */ = {isa = PBXFileReference; lastKnownFileType = archive.ar; name = libcurl.a; path = ../../cocos2dx/platform/third_party/ios/libraries/libcurl.a; sourceTree = "<group>"; };
		1AFAF8B316D35DE700DB1158 /* AppDelegate.cpp */ = {isa = PBXFileReference; fileEncoding = 4; lastKnownFileType = sourcecode.cpp.cpp; name = AppDelegate.cpp; path = ../Classes/AppDelegate.cpp; sourceTree = "<group>"; };
		1AFAF8B416D35DE700DB1158 /* AppDelegate.h */ = {isa = PBXFileReference; fileEncoding = 4; lastKnownFileType = sourcecode.c.h; name = AppDelegate.h; path = ../Classes/AppDelegate.h; sourceTree = "<group>"; };
		1AFAF8B516D35DE700DB1158 /* HelloWorldScene.cpp */ = {isa = PBXFileReference; fileEncoding = 4; lastKnownFileType = sourcecode.cpp.cpp; name = HelloWorldScene.cpp; path = ../Classes/HelloWorldScene.cpp; sourceTree = "<group>"; };
		1AFAF8B616D35DE700DB1158 /* HelloWorldScene.h */ = {isa = PBXFileReference; fileEncoding = 4; lastKnownFileType = sourcecode.c.h; name = HelloWorldScene.h; path = ../Classes/HelloWorldScene.h; sourceTree = "<group>"; };
		1AFCDA8016D4A25900906EA6 /* RootViewController.h */ = {isa = PBXFileReference; fileEncoding = 4; lastKnownFileType = sourcecode.c.h; path = RootViewController.h; sourceTree = SOURCE_ROOT; };
		1AFCDA8116D4A25900906EA6 /* RootViewController.mm */ = {isa = PBXFileReference; fileEncoding = 4; lastKnownFileType = sourcecode.cpp.objcpp; path = RootViewController.mm; sourceTree = SOURCE_ROOT; };
		1D30AB110D05D00D00671497 /* Foundation.framework */ = {isa = PBXFileReference; lastKnownFileType = wrapper.framework; name = Foundation.framework; path = System/Library/Frameworks/Foundation.framework; sourceTree = SDKROOT; };
		1D6058910D05DD3D006BFB54 /* sunMap.app */ = {isa = PBXFileReference; explicitFileType = wrapper.application; includeInIndex = 0; path = sunMap.app; sourceTree = BUILT_PRODUCTS_DIR; };
		1DF5F4DF0D08C38300B7A737 /* UIKit.framework */ = {isa = PBXFileReference; lastKnownFileType = wrapper.framework; name = UIKit.framework; path = System/Library/Frameworks/UIKit.framework; sourceTree = SDKROOT; };
		288765A40DF7441C002DB57D /* CoreGraphics.framework */ = {isa = PBXFileReference; lastKnownFileType = wrapper.framework; name = CoreGraphics.framework; path = System/Library/Frameworks/CoreGraphics.framework; sourceTree = SDKROOT; };
		7855E0DF153FEF240059DD9A /* Default.png */ = {isa = PBXFileReference; lastKnownFileType = image.png; path = Default.png; sourceTree = SOURCE_ROOT; };
		BF170DB012928DE900B8313A /* OpenGLES.framework */ = {isa = PBXFileReference; lastKnownFileType = wrapper.framework; name = OpenGLES.framework; path = System/Library/Frameworks/OpenGLES.framework; sourceTree = SDKROOT; };
		BF170DB212928DE900B8313A /* libxml2.dylib */ = {isa = PBXFileReference; lastKnownFileType = "compiled.mach-o.dylib"; name = libxml2.dylib; path = usr/lib/libxml2.dylib; sourceTree = SDKROOT; };
		BF170DB412928DE900B8313A /* libz.dylib */ = {isa = PBXFileReference; lastKnownFileType = "compiled.mach-o.dylib"; name = libz.dylib; path = usr/lib/libz.dylib; sourceTree = SDKROOT; };
		BF1C47EA1293683800B63C5D /* QuartzCore.framework */ = {isa = PBXFileReference; lastKnownFileType = wrapper.framework; name = QuartzCore.framework; path = System/Library/Frameworks/QuartzCore.framework; sourceTree = SDKROOT; };
		D41A0AD0160F154A004552AE /* Default-568h@2x.png */ = {isa = PBXFileReference; lastKnownFileType = image.png; name = "Default-568h@2x.png"; path = "../proj.ios/Default-568h@2x.png"; sourceTree = "<group>"; };
		D446FD6D16102124000ADA7B /* Default@2x.png */ = {isa = PBXFileReference; lastKnownFileType = image.png; name = "Default@2x.png"; path = "../proj.ios/Default@2x.png"; sourceTree = "<group>"; };
		D44C620B132DFF330009C878 /* OpenAL.framework */ = {isa = PBXFileReference; lastKnownFileType = wrapper.framework; name = OpenAL.framework; path = System/Library/Frameworks/OpenAL.framework; sourceTree = SDKROOT; };
		D44C620D132DFF430009C878 /* AVFoundation.framework */ = {isa = PBXFileReference; lastKnownFileType = wrapper.framework; name = AVFoundation.framework; path = System/Library/Frameworks/AVFoundation.framework; sourceTree = SDKROOT; };
		D44C620F132DFF4E0009C878 /* AudioToolbox.framework */ = {isa = PBXFileReference; lastKnownFileType = wrapper.framework; name = AudioToolbox.framework; path = System/Library/Frameworks/AudioToolbox.framework; sourceTree = SDKROOT; };
		D4EF949915BD2D8B00D803EB /* Icon-57.png */ = {isa = PBXFileReference; lastKnownFileType = image.png; name = "Icon-57.png"; path = "../proj.ios/Icon-57.png"; sourceTree = "<group>"; };
		D4EF949B15BD2D8E00D803EB /* Icon-114.png */ = {isa = PBXFileReference; lastKnownFileType = image.png; name = "Icon-114.png"; path = "../proj.ios/Icon-114.png"; sourceTree = "<group>"; };
		D4EF949D15BD2D9600D803EB /* Icon-72.png */ = {isa = PBXFileReference; lastKnownFileType = image.png; name = "Icon-72.png"; path = "../proj.ios/Icon-72.png"; sourceTree = "<group>"; };
		D4EF949F15BD2D9800D803EB /* Icon-144.png */ = {isa = PBXFileReference; lastKnownFileType = image.png; name = "Icon-144.png"; path = "../proj.ios/Icon-144.png"; sourceTree = "<group>"; };
		D4F9F37B12E54555005CA6D2 /* Info.plist */ = {isa = PBXFileReference; fileEncoding = 4; lastKnownFileType = text.plist.xml; path = Info.plist; sourceTree = SOURCE_ROOT; };
/* End PBXFileReference section */

/* Begin PBXFrameworksBuildPhase section */
		1D60588F0D05DD3D006BFB54 /* Frameworks */ = {
			isa = PBXFrameworksBuildPhase;
			buildActionMask = 2147483647;
			files = (
				15A3DA6A1682F886002FB0C5 /* libcocos2dx.a in Frameworks */,
				1ACB3244164770DE00914215 /* libcurl.a in Frameworks */,
				1D60589F0D05DD5A006BFB54 /* Foundation.framework in Frameworks */,
				1DF5F4E00D08C38300B7A737 /* UIKit.framework in Frameworks */,
				288765A50DF7441C002DB57D /* CoreGraphics.framework in Frameworks */,
				BF171245129291EC00B8313A /* OpenGLES.framework in Frameworks */,
				BF1712461292920000B8313A /* libxml2.dylib in Frameworks */,
				BF1712471292920000B8313A /* libz.dylib in Frameworks */,
				BF1C47F01293687400B63C5D /* QuartzCore.framework in Frameworks */,
				D44C620C132DFF330009C878 /* OpenAL.framework in Frameworks */,
				D44C620E132DFF430009C878 /* AVFoundation.framework in Frameworks */,
				D44C6210132DFF4E0009C878 /* AudioToolbox.framework in Frameworks */,
			);
			runOnlyForDeploymentPostprocessing = 0;
		};
/* End PBXFrameworksBuildPhase section */

/* Begin PBXGroup section */
		080E96DDFE201D6D7F000001 /* ios */ = {
			isa = PBXGroup;
			children = (
				1AC3624216D4A1E8000847F2 /* AppController.h */,
				1AC3624316D4A1E8000847F2 /* AppController.mm */,
				D4F9F37B12E54555005CA6D2 /* Info.plist */,
				1AC3624516D4A1E8000847F2 /* main.m */,
				1AC3624616D4A1E8000847F2 /* Prefix.pch */,
				1AFCDA8016D4A25900906EA6 /* RootViewController.h */,
				1AFCDA8116D4A25900906EA6 /* RootViewController.mm */,
			);
			name = ios;
			path = Classes;
			sourceTree = "<group>";
		};
		15A3D87F1682F7B3002FB0C5 /* Products */ = {
			isa = PBXGroup;
			children = (
				15A3D8861682F7B3002FB0C5 /* libcocos2dx.a */,
			);
			name = Products;
			sourceTree = "<group>";
		};
		15AA9C4015B7EC450033D6C2 /* Classes */ = {
			isa = PBXGroup;
			children = (
				16EC78DD190155A80044F7A0 /* AMapStrategy.cpp */,
				16EC78DE190155A80044F7A0 /* AMapStrategy.h */,
				16EC78DF190155A80044F7A0 /* AppMacros.h */,
				16EC78E0190155A80044F7A0 /* ArcGisMapStrategy.cpp */,
				16EC78E1190155A80044F7A0 /* ArcGisMapStrategy.h */,
				16EC78E2190155A80044F7A0 /* BingMapStrategy.cpp */,
				16EC78E3190155A80044F7A0 /* BingMapStrategy.h */,
				16EC78E4190155A80044F7A0 /* BitmapCache.cpp */,
				16EC78E5190155A80044F7A0 /* BitmapCache.h */,
				16EC78E6190155A80044F7A0 /* ControlLayer.cpp */,
				16EC78E7190155A80044F7A0 /* ControlLayer.h */,
				16EC78E8190155A80044F7A0 /* Feature.cpp */,
				16EC78E9190155A80044F7A0 /* Feature.h */,
				16EC78EA190155A80044F7A0 /* GeoUtils.cpp */,
				16EC78EB190155A80044F7A0 /* GeoUtils.h */,
				16EC78EC190155A80044F7A0 /* GoogleSatelliteMapStrategy.cpp */,
				16EC78ED190155A80044F7A0 /* GoogleSatelliteMapStrategy.h */,
				16EC78EE190155A80044F7A0 /* GoogleTerrainMapStrategy.cpp */,
				16EC78EF190155A80044F7A0 /* GoogleTerrainMapStrategy.h */,
				16EC78F0190155A80044F7A0 /* GoogleVectorMapStrategy.cpp */,
				16EC78F1190155A80044F7A0 /* GoogleVectorMapStrategy.h */,
				16EC78F2190155A80044F7A0 /* LayerSwitcher.cpp */,
				16EC78F3190155A80044F7A0 /* LayerSwitcher.h */,
				16EC78F4190155A80044F7A0 /* MapControl.cpp */,
				16EC78F5190155A80044F7A0 /* MapControl.h */,
				16EC78F6190155A80044F7A0 /* MapStrategy.cpp */,
				16EC78F7190155A80044F7A0 /* MapStrategy.h */,
				16EC78F8190155A80044F7A0 /* MapStrategyFactory.cpp */,
				16EC78F9190155A80044F7A0 /* MapStrategyFactory.h */,
				16EC78FA190155A80044F7A0 /* MarkerLayer.cpp */,
				16EC78FB190155A80044F7A0 /* MarkerLayer.h */,
				16EC78FC190155A80044F7A0 /* OpenStreetMapStrategy.cpp */,
				16EC78FD190155A80044F7A0 /* OpenStreetMapStrategy.h */,
				16EC78FE190155A80044F7A0 /* PhysicMap.cpp */,
				16EC78FF190155A80044F7A0 /* PhysicMap.h */,
				16EC7900190155A80044F7A0 /* PublicMsgHandler.cpp */,
				16EC7901190155A80044F7A0 /* PublicMsgHandler.h */,
				16EC7902190155A80044F7A0 /* RawTile.cpp */,
				16EC7903190155A80044F7A0 /* RawTile.h */,
				16EC7904190155A80044F7A0 /* shell.c */,
				16EC7905190155A80044F7A0 /* sqlite3.c */,
				16EC7906190155A80044F7A0 /* sqlite3.h */,
				16EC7907190155A80044F7A0 /* sqlite3ext.h */,
				16EC7908190155A80044F7A0 /* SqliteLocalStorage.cpp */,
				16EC7909190155A80044F7A0 /* SqliteLocalStorage.h */,
				16EC790A190155A80044F7A0 /* Style.cpp */,
				16EC790B190155A80044F7A0 /* Style.h */,
				16EC790C190155A80044F7A0 /* SuperMapCloudMapStrategy.cpp */,
				16EC790D190155A80044F7A0 /* SuperMapCloudMapStrategy.h */,
				16EC790E190155A80044F7A0 /* TiandituMapStrategy.cpp */,
				16EC790F190155A80044F7A0 /* TiandituMapStrategy.h */,
				16EC7910190155A80044F7A0 /* TileLoader.cpp */,
				16EC7911190155A80044F7A0 /* TileLoader.h */,
				16EC7912190155A80044F7A0 /* TileResolver.cpp */,
				16EC7913190155A80044F7A0 /* TileResolver.h */,
				16EC7914190155A80044F7A0 /* VectorLayer.cpp */,
				16EC7915190155A80044F7A0 /* VectorLayer.h */,
				16EC7916190155A80044F7A0 /* VisibleRect.cpp */,
				16EC7917190155A80044F7A0 /* VisibleRect.h */,
				1AFAF8B316D35DE700DB1158 /* AppDelegate.cpp */,
				1AFAF8B416D35DE700DB1158 /* AppDelegate.h */,
				1AFAF8B516D35DE700DB1158 /* HelloWorldScene.cpp */,
				1AFAF8B616D35DE700DB1158 /* HelloWorldScene.h */,
			);
			name = Classes;
			path = ../classes;
			sourceTree = "<group>";
		};
		19C28FACFE9D520D11CA2CBB /* Products */ = {
			isa = PBXGroup;
			children = (
				1D6058910D05DD3D006BFB54 /* sunMap.app */,
			);
			name = Products;
			sourceTree = "<group>";
		};
		29B97314FDCFA39411CA2CEA /* CustomTemplate */ = {
			isa = PBXGroup;
			children = (
				15A3D87E1682F7B3002FB0C5 /* cocos2dx.xcodeproj */,
				15AA9C4015B7EC450033D6C2 /* Classes */,
				29B97323FDCFA39411CA2CEA /* Frameworks */,
				080E96DDFE201D6D7F000001 /* ios */,
				19C28FACFE9D520D11CA2CBB /* Products */,
				78C7DDAA14EBA5050085D0C2 /* Resources */,
			);
			name = CustomTemplate;
			sourceTree = "<group>";
		};
		29B97323FDCFA39411CA2CEA /* Frameworks */ = {
			isa = PBXGroup;
			children = (
				1ACB3243164770DE00914215 /* libcurl.a */,
				BF170DB212928DE900B8313A /* libxml2.dylib */,
				BF170DB412928DE900B8313A /* libz.dylib */,
				D44C620F132DFF4E0009C878 /* AudioToolbox.framework */,
				D44C620D132DFF430009C878 /* AVFoundation.framework */,
				288765A40DF7441C002DB57D /* CoreGraphics.framework */,
				1D30AB110D05D00D00671497 /* Foundation.framework */,
				D44C620B132DFF330009C878 /* OpenAL.framework */,
				BF170DB012928DE900B8313A /* OpenGLES.framework */,
				BF1C47EA1293683800B63C5D /* QuartzCore.framework */,
				1DF5F4DF0D08C38300B7A737 /* UIKit.framework */,
			);
			name = Frameworks;
			sourceTree = "<group>";
		};
		78C7DDAA14EBA5050085D0C2 /* Resources */ = {
			isa = PBXGroup;
			children = (
				16EC79D4190162B70044F7A0 /* bg.png */,
				16EC79D21901626C0044F7A0 /* combox.png */,
				D41A0AD0160F154A004552AE /* Default-568h@2x.png */,
				7855E0DF153FEF240059DD9A /* Default.png */,
				D446FD6D16102124000ADA7B /* Default@2x.png */,
				D4EF949B15BD2D8E00D803EB /* Icon-114.png */,
				D4EF949F15BD2D9800D803EB /* Icon-144.png */,
				D4EF949915BD2D8B00D803EB /* Icon-57.png */,
				D4EF949D15BD2D9600D803EB /* Icon-72.png */,
			);
			name = Resources;
			path = ../Resources;
			sourceTree = "<group>";
		};
/* End PBXGroup section */

/* Begin PBXNativeTarget section */
		1D6058900D05DD3D006BFB54 /* sunMap */ = {
			isa = PBXNativeTarget;
			buildConfigurationList = 1D6058960D05DD3E006BFB54 /* Build configuration list for PBXNativeTarget "sunMap" */;
			buildPhases = (
				1D60588D0D05DD3D006BFB54 /* Resources */,
				1D60588E0D05DD3D006BFB54 /* Sources */,
				1D60588F0D05DD3D006BFB54 /* Frameworks */,
			);
			buildRules = (
			);
			dependencies = (
				15A3DA691682F881002FB0C5 /* PBXTargetDependency */,
			);
			name = sunMap;
			productName = iphone;
			productReference = 1D6058910D05DD3D006BFB54 /* sunMap.app */;
			productType = "com.apple.product-type.application";
		};
/* End PBXNativeTarget section */

/* Begin PBXProject section */
		29B97313FDCFA39411CA2CEA /* Project object */ = {
			isa = PBXProject;
			attributes = {
				LastUpgradeCheck = 0430;
			};
			buildConfigurationList = C01FCF4E08A954540054247B /* Build configuration list for PBXProject "sunMap" */;
			compatibilityVersion = "Xcode 3.2";
			developmentRegion = English;
			hasScannedForEncodings = 1;
			knownRegions = (
				English,
				Japanese,
				French,
				German,
			);
			mainGroup = 29B97314FDCFA39411CA2CEA /* CustomTemplate */;
			projectDirPath = "";
			projectReferences = (
				{
					ProductGroup = 15A3D87F1682F7B3002FB0C5 /* Products */;
					ProjectRef = 15A3D87E1682F7B3002FB0C5 /* cocos2dx.xcodeproj */;
				},
			);
			projectRoot = "";
			targets = (
				1D6058900D05DD3D006BFB54 /* sunMap */,
			);
		};
/* End PBXProject section */

/* Begin PBXReferenceProxy section */
		15A3D8861682F7B3002FB0C5 /* libcocos2dx.a */ = {
			isa = PBXReferenceProxy;
			fileType = archive.ar;
			path = libcocos2dx.a;
			remoteRef = 15A3D8851682F7B3002FB0C5 /* PBXContainerItemProxy */;
			sourceTree = BUILT_PRODUCTS_DIR;
		};
/* End PBXReferenceProxy section */

/* Begin PBXResourcesBuildPhase section */
		1D60588D0D05DD3D006BFB54 /* Resources */ = {
			isa = PBXResourcesBuildPhase;
			buildActionMask = 2147483647;
			files = (
				7855E0E1153FEF240059DD9A /* Default.png in Resources */,
				D4EF949A15BD2D8B00D803EB /* Icon-57.png in Resources */,
				D4EF949C15BD2D8E00D803EB /* Icon-114.png in Resources */,
				D4EF949E15BD2D9600D803EB /* Icon-72.png in Resources */,
				D4EF94A015BD2D9800D803EB /* Icon-144.png in Resources */,
				D41A0AD1160F154A004552AE /* Default-568h@2x.png in Resources */,
				D446FD6E16102124000ADA7B /* Default@2x.png in Resources */,
				16EC79D31901626C0044F7A0 /* combox.png in Resources */,
				16EC79D5190162B70044F7A0 /* bg.png in Resources */,
			);
			runOnlyForDeploymentPostprocessing = 0;
		};
/* End PBXResourcesBuildPhase section */

/* Begin PBXSourcesBuildPhase section */
		1D60588E0D05DD3D006BFB54 /* Sources */ = {
			isa = PBXSourcesBuildPhase;
			buildActionMask = 2147483647;
			files = (
				1AFAF8B716D35DE700DB1158 /* AppDelegate.cpp in Sources */,
				1AFAF8B816D35DE700DB1158 /* HelloWorldScene.cpp in Sources */,
				1AC3624916D4A1E8000847F2 /* AppController.mm in Sources */,
				1AC3624B16D4A1E8000847F2 /* main.m in Sources */,
				1AFCDA8216D4A25900906EA6 /* RootViewController.mm in Sources */,
				16EC7918190155A80044F7A0 /* AMapStrategy.cpp in Sources */,
				16EC7919190155A80044F7A0 /* ArcGisMapStrategy.cpp in Sources */,
				16EC791A190155A80044F7A0 /* BingMapStrategy.cpp in Sources */,
				16EC791B190155A80044F7A0 /* BitmapCache.cpp in Sources */,
				16EC791C190155A80044F7A0 /* ControlLayer.cpp in Sources */,
				16EC791D190155A80044F7A0 /* Feature.cpp in Sources */,
				16EC791E190155A80044F7A0 /* GeoUtils.cpp in Sources */,
				16EC791F190155A80044F7A0 /* GoogleSatelliteMapStrategy.cpp in Sources */,
				16EC7920190155A80044F7A0 /* GoogleTerrainMapStrategy.cpp in Sources */,
				16EC7921190155A80044F7A0 /* GoogleVectorMapStrategy.cpp in Sources */,
				16EC7922190155A80044F7A0 /* LayerSwitcher.cpp in Sources */,
				16EC7923190155A80044F7A0 /* MapControl.cpp in Sources */,
				16EC7924190155A80044F7A0 /* MapStrategy.cpp in Sources */,
				16EC7925190155A80044F7A0 /* MapStrategyFactory.cpp in Sources */,
				16EC7926190155A80044F7A0 /* MarkerLayer.cpp in Sources */,
				16EC7927190155A80044F7A0 /* OpenStreetMapStrategy.cpp in Sources */,
				16EC7928190155A80044F7A0 /* PhysicMap.cpp in Sources */,
				16EC7929190155A80044F7A0 /* PublicMsgHandler.cpp in Sources */,
				16EC792A190155A80044F7A0 /* RawTile.cpp in Sources */,
				16EC792B190155A80044F7A0 /* shell.c in Sources */,
				16EC792C190155A80044F7A0 /* sqlite3.c in Sources */,
				16EC792D190155A80044F7A0 /* SqliteLocalStorage.cpp in Sources */,
				16EC792E190155A80044F7A0 /* Style.cpp in Sources */,
				16EC792F190155A80044F7A0 /* SuperMapCloudMapStrategy.cpp in Sources */,
				16EC7930190155A80044F7A0 /* TiandituMapStrategy.cpp in Sources */,
				16EC7931190155A80044F7A0 /* TileLoader.cpp in Sources */,
				16EC7932190155A80044F7A0 /* TileResolver.cpp in Sources */,
				16EC7933190155A80044F7A0 /* VectorLayer.cpp in Sources */,
				16EC7934190155A80044F7A0 /* VisibleRect.cpp in Sources */,
			);
			runOnlyForDeploymentPostprocessing = 0;
		};
/* End PBXSourcesBuildPhase section */

/* Begin PBXTargetDependency section */
		15A3DA691682F881002FB0C5 /* PBXTargetDependency */ = {
			isa = PBXTargetDependency;
			name = cocos2dx;
			targetProxy = 15A3DA681682F881002FB0C5 /* PBXContainerItemProxy */;
		};
/* End PBXTargetDependency section */

/* Begin XCBuildConfiguration section */
		1D6058940D05DD3E006BFB54 /* Debug */ = {
			isa = XCBuildConfiguration;
			buildSettings = {
				ALWAYS_SEARCH_USER_PATHS = NO;
				CODE_SIGN_IDENTITY = "iPhone Developer";
				"CODE_SIGN_IDENTITY[sdk=iphoneos*]" = "iPhone Developer";
				COPY_PHASE_STRIP = NO;
				GCC_DYNAMIC_NO_PIC = NO;
				GCC_INLINES_ARE_PRIVATE_EXTERN = NO;
				GCC_OPTIMIZATION_LEVEL = 0;
				GCC_PRECOMPILE_PREFIX_HEADER = YES;
				GCC_PREFIX_HEADER = Prefix.pch;
				GCC_PREPROCESSOR_DEFINITIONS = (
					USE_FILE32API,
					CC_TARGET_OS_IPHONE,
					"COCOS2D_DEBUG=1",
					CC_ENABLE_CHIPMUNK_INTEGRATION,
				);
				GCC_SYMBOLS_PRIVATE_EXTERN = NO;
				GCC_VERSION = "";
				HEADER_SEARCH_PATHS = (
					"\"$(SRCROOT)/../../../cocos2dx/kazmath/include\"",
					"\"$(SRCROOT)/../../../cocos2dx\"",
					"\"$(SRCROOT)/../../../cocos2dx/include\"",
					"\"$(SRCROOT)/../../../cocos2dx/platform/third_party/ios\"",
					"\"$(SRCROOT)/../../../cocos2dx/platform/ios\"",
					"\"$(SRCROOT)/../../../cocos2dx/platform/ios/Simulation\"",
					"$(SRCROOT)/../geos/include",
				);
				INFOPLIST_FILE = Info.plist;
				IPHONEOS_DEPLOYMENT_TARGET = 4.0;
				LIBRARY_SEARCH_PATHS = "\"$(SRCROOT)/../../../cocos2dx/platform/third_party/ios/libraries\"";
				OTHER_CFLAGS = "-O2";
				PRODUCT_NAME = sunMap;
				PROVISIONING_PROFILE = "";
				"PROVISIONING_PROFILE[sdk=iphoneos*]" = "";
				SDKROOT = iphoneos;
				TARGETED_DEVICE_FAMILY = "1,2";
				USER_HEADER_SEARCH_PATHS = "";
				VALID_ARCHS = "armv6 armv7 i386";
			};
			name = Debug;
		};
		1D6058950D05DD3E006BFB54 /* Release */ = {
			isa = XCBuildConfiguration;
			buildSettings = {
				ALWAYS_SEARCH_USER_PATHS = NO;
				CODE_SIGN_IDENTITY = "iPhone Developer";
				"CODE_SIGN_IDENTITY[sdk=iphoneos*]" = "iPhone Developer";
				COPY_PHASE_STRIP = YES;
				GCC_INLINES_ARE_PRIVATE_EXTERN = NO;
				GCC_OPTIMIZATION_LEVEL = 0;
				GCC_PRECOMPILE_PREFIX_HEADER = YES;
				GCC_PREFIX_HEADER = Prefix.pch;
				GCC_PREPROCESSOR_DEFINITIONS = (
					USE_FILE32API,
					CC_TARGET_OS_IPHONE,
					CC_ENABLE_CHIPMUNK_INTEGRATION,
				);
				GCC_SYMBOLS_PRIVATE_EXTERN = NO;
				GCC_VERSION = "";
				HEADER_SEARCH_PATHS = (
					"\"$(SRCROOT)/../../../cocos2dx/kazmath/include\"",
					"\"$(SRCROOT)/../../../cocos2dx\"",
					"\"$(SRCROOT)/../../../cocos2dx/include\"",
					"\"$(SRCROOT)/../../../cocos2dx/platform/third_party/ios\"",
					"\"$(SRCROOT)/../../../cocos2dx/platform/ios\"",
					"\"$(SRCROOT)/../../../cocos2dx/platform/ios/Simulation\"",
					"$(SRCROOT)/../geos/include",
				);
				INFOPLIST_FILE = Info.plist;
				IPHONEOS_DEPLOYMENT_TARGET = 4.0;
				LIBRARY_SEARCH_PATHS = "\"$(SRCROOT)/../../../cocos2dx/platform/third_party/ios/libraries\"";
				PRODUCT_NAME = sunMap;
				PROVISIONING_PROFILE = "";
				"PROVISIONING_PROFILE[sdk=iphoneos*]" = "";
				SDKROOT = iphoneos;
				TARGETED_DEVICE_FAMILY = "1,2";
				USER_HEADER_SEARCH_PATHS = "";
				VALIDATE_PRODUCT = YES;
			};
			name = Release;
		};
		C01FCF4F08A954540054247B /* Debug */ = {
			isa = XCBuildConfiguration;
			buildSettings = {
				ARCHS = "$(ARCHS_STANDARD_32_BIT)";
				GCC_C_LANGUAGE_STANDARD = c99;
				GCC_VERSION = "";
				GCC_WARN_ABOUT_RETURN_TYPE = YES;
				GCC_WARN_UNUSED_VARIABLE = YES;
				HEADER_SEARCH_PATHS = "";
				SDKROOT = iphoneos;
				VALID_ARCHS = "armv6 armv7 i386";
			};
			name = Debug;
		};
		C01FCF5008A954540054247B /* Release */ = {
			isa = XCBuildConfiguration;
			buildSettings = {
				ARCHS = "$(ARCHS_STANDARD_32_BIT)";
				GCC_C_LANGUAGE_STANDARD = c99;
				GCC_VERSION = "";
				GCC_WARN_ABOUT_RETURN_TYPE = YES;
				GCC_WARN_UNUSED_VARIABLE = YES;
				HEADER_SEARCH_PATHS = "";
				OTHER_CFLAGS = "-DNS_BLOCK_ASSERTIONS=1";
				SDKROOT = iphoneos;
				VALID_ARCHS = "armv6 armv7 i386";
			};
			name = Release;
		};
/* End XCBuildConfiguration section */

/* Begin XCConfigurationList section */
		1D6058960D05DD3E006BFB54 /* Build configuration list for PBXNativeTarget "sunMap" */ = {
			isa = XCConfigurationList;
			buildConfigurations = (
				1D6058940D05DD3E006BFB54 /* Debug */,
				1D6058950D05DD3E006BFB54 /* Release */,
			);
			defaultConfigurationIsVisible = 0;
			defaultConfigurationName = Debug;
		};
		C01FCF4E08A954540054247B /* Build configuration list for PBXProject "sunMap" */ = {
			isa = XCConfigurationList;
			buildConfigurations = (
				C01FCF4F08A954540054247B /* Debug */,
				C01FCF5008A954540054247B /* Release */,
			);
			defaultConfigurationIsVisible = 0;
			defaultConfigurationName = Debug;
		};
/* End XCConfigurationList section */
	};
	rootObject = 29B97313FDCFA39411CA2CEA /* Project object */;
}
