<?xml version="1.0" encoding="utf-8"?>
<Project ToolsVersion="4.0" xmlns="http://schemas.microsoft.com/developer/msbuild/2003">
  <ItemGroup>
    <Filter Include="source">
      <UniqueIdentifier>{047ef510-ea20-4ab3-962f-282043f627ec}</UniqueIdentifier>
      <Extensions>cpp;c;cxx;def;odl;idl;hpj;bat;asm</Extensions>
    </Filter>
    <Filter Include="include">
      <UniqueIdentifier>{59177a9b-9510-47d6-b3da-717049b0d5fc}</UniqueIdentifier>
      <Extensions>h;hpp;hxx;hm;inl;inc</Extensions>
    </Filter>
    <Filter Include="resource">
      <UniqueIdentifier>{674365d6-b0a5-4aea-9aee-53663326fedc}</UniqueIdentifier>
      <Extensions>rc;ico;cur;bmp;dlg;rc2;rct;bin;rgs;jpg;jpeg;jpe;png;manifest</Extensions>
    </Filter>
  </ItemGroup>
  <ItemGroup>
    <None Include="res\sunmap.ico">
      <Filter>resource</Filter>
    </None>
    <None Include="..\Resources\CloseSelected.png">
      <Filter>resource</Filter>
    </None>
    <None Include="..\Resources\CloseNormal.png">
      <Filter>resource</Filter>
    </None>
    <None Include="..\Resources\HelloWorld.png">
      <Filter>resource</Filter>
    </None>
  </ItemGroup>
  <ItemGroup>
    <ResourceCompile Include="sunmap.rc">
      <Filter>resource</Filter>
    </ResourceCompile>
  </ItemGroup>
  <ItemGroup>
    <ClInclude Include="resource.h">
      <Filter>include</Filter>
    </ClInclude>
    <ClInclude Include="main.h">
      <Filter>include</Filter>
    </ClInclude>
    <ClInclude Include="..\Classes\AppDelegate.h">
      <Filter>include</Filter>
    </ClInclude>
    <ClInclude Include="..\Classes\HelloWorldScene.h">
      <Filter>include</Filter>
    </ClInclude>
    <ClInclude Include="..\Classes\AMapStrategy.h">
      <Filter>include</Filter>
    </ClInclude>
    <ClInclude Include="..\Classes\ArcGisMapStrategy.h">
      <Filter>include</Filter>
    </ClInclude>
    <ClInclude Include="..\Classes\BingMapStrategy.h">
      <Filter>include</Filter>
    </ClInclude>
    <ClInclude Include="..\Classes\BitmapCache.h">
      <Filter>include</Filter>
    </ClInclude>
    <ClInclude Include="..\Classes\GeoUtils.h">
      <Filter>include</Filter>
    </ClInclude>
    <ClInclude Include="..\Classes\GoogleSatelliteMapStrategy.h">
      <Filter>include</Filter>
    </ClInclude>
    <ClInclude Include="..\Classes\GoogleTerrainMapStrategy.h">
      <Filter>include</Filter>
    </ClInclude>
    <ClInclude Include="..\Classes\GoogleVectorMapStrategy.h">
      <Filter>include</Filter>
    </ClInclude>
    <ClInclude Include="..\Classes\MapControl.h">
      <Filter>include</Filter>
    </ClInclude>
    <ClInclude Include="..\Classes\MapStrategy.h">
      <Filter>include</Filter>
    </ClInclude>
    <ClInclude Include="..\Classes\MapStrategyFactory.h">
      <Filter>include</Filter>
    </ClInclude>
    <ClInclude Include="..\Classes\OpenStreetMapStrategy.h">
      <Filter>include</Filter>
    </ClInclude>
    <ClInclude Include="..\Classes\PhysicMap.h">
      <Filter>include</Filter>
    </ClInclude>
    <ClInclude Include="..\Classes\Point.h">
      <Filter>include</Filter>
    </ClInclude>
    <ClInclude Include="..\Classes\PublicMsgHandler.h">
      <Filter>include</Filter>
    </ClInclude>
    <ClInclude Include="..\Classes\RawTile.h">
      <Filter>include</Filter>
    </ClInclude>
    <ClInclude Include="..\Classes\sqlite3.h">
      <Filter>include</Filter>
    </ClInclude>
    <ClInclude Include="..\Classes\sqlite3ext.h">
      <Filter>include</Filter>
    </ClInclude>
    <ClInclude Include="..\Classes\SqliteLocalStorage.h">
      <Filter>include</Filter>
    </ClInclude>
    <ClInclude Include="..\Classes\SuperMapCloudMapStrategy.h">
      <Filter>include</Filter>
    </ClInclude>
    <ClInclude Include="..\Classes\TiandituMapStrategy.h">
      <Filter>include</Filter>
    </ClInclude>
    <ClInclude Include="..\Classes\TileLoader.h">
      <Filter>include</Filter>
    </ClInclude>
    <ClInclude Include="..\Classes\TileResolver.h">
      <Filter>include</Filter>
    </ClInclude>
    <ClInclude Include="..\Classes\ControlLayer.h">
      <Filter>include</Filter>
    </ClInclude>
    <ClInclude Include="..\Classes\LayerSwitcher.h">
      <Filter>include</Filter>
    </ClInclude>
    <ClInclude Include="..\Classes\VisibleRect.h">
      <Filter>include</Filter>
    </ClInclude>
  </ItemGroup>
  <ItemGroup>
    <ClCompile Include="main.cpp">
      <Filter>source</Filter>
    </ClCompile>
    <ClCompile Include="..\Classes\AppDelegate.cpp">
      <Filter>source</Filter>
    </ClCompile>
    <ClCompile Include="..\Classes\HelloWorldScene.cpp">
      <Filter>source</Filter>
    </ClCompile>
    <ClCompile Include="..\Classes\AMapStrategy.cpp">
      <Filter>source</Filter>
    </ClCompile>
    <ClCompile Include="..\Classes\ArcGisMapStrategy.cpp">
      <Filter>source</Filter>
    </ClCompile>
    <ClCompile Include="..\Classes\BingMapStrategy.cpp">
      <Filter>source</Filter>
    </ClCompile>
    <ClCompile Include="..\Classes\GoogleSatelliteMapStrategy.cpp">
      <Filter>source</Filter>
    </ClCompile>
    <ClCompile Include="..\Classes\GoogleTerrainMapStrategy.cpp">
      <Filter>source</Filter>
    </ClCompile>
    <ClCompile Include="..\Classes\GoogleVectorMapStrategy.cpp">
      <Filter>source</Filter>
    </ClCompile>
    <ClCompile Include="..\Classes\MapControl.cpp">
      <Filter>source</Filter>
    </ClCompile>
    <ClCompile Include="..\Classes\MapStrategy.cpp">
      <Filter>source</Filter>
    </ClCompile>
    <ClCompile Include="..\Classes\MapStrategyFactory.cpp">
      <Filter>source</Filter>
    </ClCompile>
    <ClCompile Include="..\Classes\OpenStreetMapStrategy.cpp">
      <Filter>source</Filter>
    </ClCompile>
    <ClCompile Include="..\Classes\PhysicMap.cpp">
      <Filter>source</Filter>
    </ClCompile>
    <ClCompile Include="..\Classes\Point.cpp">
      <Filter>source</Filter>
    </ClCompile>
    <ClCompile Include="..\Classes\PublicMsgHandler.cpp">
      <Filter>source</Filter>
    </ClCompile>
    <ClCompile Include="..\Classes\RawTile.cpp">
      <Filter>source</Filter>
    </ClCompile>
    <ClCompile Include="..\Classes\shell.c">
      <Filter>source</Filter>
    </ClCompile>
    <ClCompile Include="..\Classes\sqlite3.c">
      <Filter>source</Filter>
    </ClCompile>
    <ClCompile Include="..\Classes\SqliteLocalStorage.cpp">
      <Filter>source</Filter>
    </ClCompile>
    <ClCompile Include="..\Classes\SuperMapCloudMapStrategy.cpp">
      <Filter>source</Filter>
    </ClCompile>
    <ClCompile Include="..\Classes\TiandituMapStrategy.cpp">
      <Filter>source</Filter>
    </ClCompile>
    <ClCompile Include="..\Classes\TileLoader.cpp">
      <Filter>source</Filter>
    </ClCompile>
    <ClCompile Include="..\Classes\TileResolver.cpp">
      <Filter>source</Filter>
    </ClCompile>
    <ClCompile Include="..\Classes\BitmapCache.cpp">
      <Filter>resource</Filter>
    </ClCompile>
    <ClCompile Include="..\Classes\GeoUtils.cpp">
      <Filter>resource</Filter>
    </ClCompile>
    <ClCompile Include="..\Classes\ControlLayer.cpp">
      <Filter>source</Filter>
    </ClCompile>
    <ClCompile Include="..\Classes\LayerSwitcher.cpp">
      <Filter>source</Filter>
    </ClCompile>
    <ClCompile Include="..\Classes\VisibleRect.cpp">
      <Filter>source</Filter>
    </ClCompile>
  </ItemGroup>
</Project>