<?xml version="1.0" encoding="utf-8"?>
<Project ToolsVersion="4.0" xmlns="http://schemas.microsoft.com/developer/msbuild/2003">
  <ItemGroup>
    <Filter Include="win32">
      <UniqueIdentifier>{84a8ebd7-7cf0-47f6-b75e-d441df67da40}</UniqueIdentifier>
    </Filter>
    <Filter Include="Classes">
      <UniqueIdentifier>{bb6c862e-70e9-49d9-81b7-3829a6f50471}</UniqueIdentifier>
    </Filter>
    <Filter Include="Include">
      <UniqueIdentifier>{21d7df8a-f78a-4ca4-bdbe-1c2363b91806}</UniqueIdentifier>
    </Filter>
    <Filter Include="Src">
      <UniqueIdentifier>{91dd983e-520a-4b5e-885f-e4b9a2246f1b}</UniqueIdentifier>
    </Filter>
    <Filter Include="MapPrivoder">
      <UniqueIdentifier>{1987e94a-c208-4f88-b3ba-185133f83f0a}</UniqueIdentifier>
    </Filter>
    <Filter Include="MapPrivoder\Include">
      <UniqueIdentifier>{b53f6ebe-9f7c-455e-bac4-e67c1a47cc16}</UniqueIdentifier>
    </Filter>
    <Filter Include="MapPrivoder\Src">
      <UniqueIdentifier>{c896151a-fea5-47dd-b67a-4af642daa17d}</UniqueIdentifier>
    </Filter>
    <Filter Include="CacheMaker">
      <UniqueIdentifier>{8d9ec0c7-7728-4944-9a3b-8be150314f03}</UniqueIdentifier>
    </Filter>
    <Filter Include="Core">
      <UniqueIdentifier>{509552d0-502b-4432-9756-916983929669}</UniqueIdentifier>
    </Filter>
    <Filter Include="Core\Include">
      <UniqueIdentifier>{1308ad35-c172-40fe-b276-6692237d4491}</UniqueIdentifier>
    </Filter>
    <Filter Include="Core\Src">
      <UniqueIdentifier>{0e1b4089-9857-4d32-b1d2-11813e07036a}</UniqueIdentifier>
    </Filter>
  </ItemGroup>
  <ItemGroup>
    <ClCompile Include="main.cpp">
      <Filter>win32</Filter>
    </ClCompile>
    <ClCompile Include="..\Classes\AppDelegate.cpp">
      <Filter>Classes</Filter>
    </ClCompile>
    <ClCompile Include="..\Classes\HelloWorldScene.cpp">
      <Filter>Classes</Filter>
    </ClCompile>
    <ClCompile Include="..\Classes\ControlLayer.cpp">
      <Filter>Src</Filter>
    </ClCompile>
    <ClCompile Include="..\Classes\Feature.cpp">
      <Filter>Src</Filter>
    </ClCompile>
    <ClCompile Include="..\Classes\LayerSwitcher.cpp">
      <Filter>Src</Filter>
    </ClCompile>
    <ClCompile Include="..\Classes\MarkerLayer.cpp">
      <Filter>Src</Filter>
    </ClCompile>
    <ClCompile Include="..\Classes\VectorLayer.cpp">
      <Filter>Src</Filter>
    </ClCompile>
    <ClCompile Include="..\Classes\AMapStrategy.cpp">
      <Filter>MapPrivoder\Src</Filter>
    </ClCompile>
    <ClCompile Include="..\Classes\ArcGisMapStrategy.cpp">
      <Filter>MapPrivoder\Src</Filter>
    </ClCompile>
    <ClCompile Include="..\Classes\BingMapStrategy.cpp">
      <Filter>MapPrivoder\Src</Filter>
    </ClCompile>
    <ClCompile Include="..\Classes\GoogleSatelliteMapStrategy.cpp">
      <Filter>MapPrivoder\Src</Filter>
    </ClCompile>
    <ClCompile Include="..\Classes\GoogleTerrainMapStrategy.cpp">
      <Filter>MapPrivoder\Src</Filter>
    </ClCompile>
    <ClCompile Include="..\Classes\GoogleVectorMapStrategy.cpp">
      <Filter>MapPrivoder\Src</Filter>
    </ClCompile>
    <ClCompile Include="..\Classes\MapStrategyFactory.cpp">
      <Filter>MapPrivoder\Src</Filter>
    </ClCompile>
    <ClCompile Include="..\Classes\MapStrategy.cpp">
      <Filter>MapPrivoder\Src</Filter>
    </ClCompile>
    <ClCompile Include="..\Classes\OpenStreetMapStrategy.cpp">
      <Filter>MapPrivoder\Src</Filter>
    </ClCompile>
    <ClCompile Include="..\Classes\SuperMapCloudMapStrategy.cpp">
      <Filter>MapPrivoder\Src</Filter>
    </ClCompile>
    <ClCompile Include="..\Classes\TiandituMapStrategy.cpp">
      <Filter>MapPrivoder\Src</Filter>
    </ClCompile>
    <ClCompile Include="..\Classes\BMapStrategy.cpp">
      <Filter>MapPrivoder\Src</Filter>
    </ClCompile>
    <ClCompile Include="..\Classes\CacheMaker\CacheMaker.cpp">
      <Filter>CacheMaker</Filter>
    </ClCompile>
    <ClCompile Include="..\Classes\BitmapCache.cpp">
      <Filter>Core\Src</Filter>
    </ClCompile>
    <ClCompile Include="..\Classes\GeoUtils.cpp">
      <Filter>Core\Src</Filter>
    </ClCompile>
    <ClCompile Include="..\Classes\MapControl.cpp">
      <Filter>Core\Src</Filter>
    </ClCompile>
    <ClCompile Include="..\Classes\PhysicMap.cpp">
      <Filter>Core\Src</Filter>
    </ClCompile>
    <ClCompile Include="..\Classes\PublicMsgHandler.cpp">
      <Filter>Core\Src</Filter>
    </ClCompile>
    <ClCompile Include="..\Classes\RawTile.cpp">
      <Filter>Core\Src</Filter>
    </ClCompile>
    <ClCompile Include="..\Classes\shell.c">
      <Filter>Core\Src</Filter>
    </ClCompile>
    <ClCompile Include="..\Classes\sqlite3.c">
      <Filter>Core\Src</Filter>
    </ClCompile>
    <ClCompile Include="..\Classes\Style.cpp">
      <Filter>Core\Src</Filter>
    </ClCompile>
    <ClCompile Include="..\Classes\TileLoader.cpp">
      <Filter>Core\Src</Filter>
    </ClCompile>
    <ClCompile Include="..\Classes\TileResolver.cpp">
      <Filter>Core\Src</Filter>
    </ClCompile>
    <ClCompile Include="..\Classes\VisibleRect.cpp">
      <Filter>Core\Src</Filter>
    </ClCompile>
    <ClCompile Include="..\Classes\SqliteLocalStorage.cpp">
      <Filter>Core\Src</Filter>
    </ClCompile>
    <ClCompile Include="..\Classes\SunFile.cpp">
      <Filter>Core\Src</Filter>
    </ClCompile>
    <ClCompile Include="..\Classes\tools.cpp">
      <Filter>Core\Src</Filter>
    </ClCompile>
    <ClCompile Include="..\Classes\CacheMaker\CacheInfo.pb.cc">
      <Filter>CacheMaker</Filter>
    </ClCompile>
  </ItemGroup>
  <ItemGroup>
    <ClInclude Include="main.h">
      <Filter>win32</Filter>
    </ClInclude>
    <ClInclude Include="..\Classes\AppDelegate.h">
      <Filter>Classes</Filter>
    </ClInclude>
    <ClInclude Include="..\Classes\HelloWorldScene.h">
      <Filter>Classes</Filter>
    </ClInclude>
    <ClInclude Include="..\Classes\AppMacros.h">
      <Filter>Include</Filter>
    </ClInclude>
    <ClInclude Include="..\Classes\ControlLayer.h">
      <Filter>Include</Filter>
    </ClInclude>
    <ClInclude Include="..\Classes\Feature.h">
      <Filter>Include</Filter>
    </ClInclude>
    <ClInclude Include="..\Classes\LayerSwitcher.h">
      <Filter>Include</Filter>
    </ClInclude>
    <ClInclude Include="..\Classes\MarkerLayer.h">
      <Filter>Include</Filter>
    </ClInclude>
    <ClInclude Include="..\Classes\VectorLayer.h">
      <Filter>Include</Filter>
    </ClInclude>
    <ClInclude Include="..\Classes\AMapStrategy.h">
      <Filter>MapPrivoder\Include</Filter>
    </ClInclude>
    <ClInclude Include="..\Classes\ArcGisMapStrategy.h">
      <Filter>MapPrivoder\Include</Filter>
    </ClInclude>
    <ClInclude Include="..\Classes\BingMapStrategy.h">
      <Filter>MapPrivoder\Include</Filter>
    </ClInclude>
    <ClInclude Include="..\Classes\GoogleSatelliteMapStrategy.h">
      <Filter>MapPrivoder\Include</Filter>
    </ClInclude>
    <ClInclude Include="..\Classes\GoogleTerrainMapStrategy.h">
      <Filter>MapPrivoder\Include</Filter>
    </ClInclude>
    <ClInclude Include="..\Classes\GoogleVectorMapStrategy.h">
      <Filter>MapPrivoder\Include</Filter>
    </ClInclude>
    <ClInclude Include="..\Classes\OpenStreetMapStrategy.h">
      <Filter>MapPrivoder\Include</Filter>
    </ClInclude>
    <ClInclude Include="..\Classes\MapStrategyFactory.h">
      <Filter>MapPrivoder\Include</Filter>
    </ClInclude>
    <ClInclude Include="..\Classes\SuperMapCloudMapStrategy.h">
      <Filter>MapPrivoder\Include</Filter>
    </ClInclude>
    <ClInclude Include="..\Classes\TiandituMapStrategy.h">
      <Filter>MapPrivoder\Include</Filter>
    </ClInclude>
    <ClInclude Include="..\Classes\MapStrategy.h">
      <Filter>MapPrivoder\Include</Filter>
    </ClInclude>
    <ClInclude Include="..\Classes\BMapStrategy.h">
      <Filter>MapPrivoder\Include</Filter>
    </ClInclude>
    <ClInclude Include="..\Classes\CacheMaker\CacheMaker.h">
      <Filter>CacheMaker</Filter>
    </ClInclude>
    <ClInclude Include="..\Classes\BitmapCache.h">
      <Filter>Core\Include</Filter>
    </ClInclude>
    <ClInclude Include="..\Classes\GeoUtils.h">
      <Filter>Core\Include</Filter>
    </ClInclude>
    <ClInclude Include="..\Classes\MapControl.h">
      <Filter>Core\Include</Filter>
    </ClInclude>
    <ClInclude Include="..\Classes\PhysicMap.h">
      <Filter>Core\Include</Filter>
    </ClInclude>
    <ClInclude Include="..\Classes\PublicMsgHandler.h">
      <Filter>Core\Include</Filter>
    </ClInclude>
    <ClInclude Include="..\Classes\RawTile.h">
      <Filter>Core\Include</Filter>
    </ClInclude>
    <ClInclude Include="..\Classes\sqlite3.h">
      <Filter>Core\Include</Filter>
    </ClInclude>
    <ClInclude Include="..\Classes\sqlite3ext.h">
      <Filter>Core\Include</Filter>
    </ClInclude>
    <ClInclude Include="..\Classes\SqliteLocalStorage.h">
      <Filter>Core\Include</Filter>
    </ClInclude>
    <ClInclude Include="..\Classes\Style.h">
      <Filter>Core\Include</Filter>
    </ClInclude>
    <ClInclude Include="..\Classes\TileLoader.h">
      <Filter>Core\Include</Filter>
    </ClInclude>
    <ClInclude Include="..\Classes\TileResolver.h">
      <Filter>Core\Include</Filter>
    </ClInclude>
    <ClInclude Include="..\Classes\VisibleRect.h">
      <Filter>Core\Include</Filter>
    </ClInclude>
    <ClInclude Include="..\Classes\SunFile.h">
      <Filter>Core\Include</Filter>
    </ClInclude>
    <ClInclude Include="..\Classes\tools.h">
      <Filter>Core\Include</Filter>
    </ClInclude>
    <ClInclude Include="..\Classes\CacheMaker\CacheInfo.pb.h">
      <Filter>CacheMaker</Filter>
    </ClInclude>
  </ItemGroup>
</Project>