<?xml version="1.0" encoding="utf-8"?>
<Project ToolsVersion="4.0" xmlns="http://schemas.microsoft.com/developer/msbuild/2003">
  <ItemGroup>
    <Filter Include="win32">
      <UniqueIdentifier>{84a8ebd7-7cf0-47f6-b75e-d441df67da40}</UniqueIdentifier>
    </Filter>
    <Filter Include="Classes">
      <UniqueIdentifier>{bb6c862e-70e9-49d9-81b7-3829a6f50471}</UniqueIdentifier>
    </Filter>
    <Filter Include="MapPrivoder">
      <UniqueIdentifier>{1987e94a-c208-4f88-b3ba-185133f83f0a}</UniqueIdentifier>
    </Filter>
    <Filter Include="CacheMaker">
      <UniqueIdentifier>{8d9ec0c7-7728-4944-9a3b-8be150314f03}</UniqueIdentifier>
    </Filter>
    <Filter Include="Core">
      <UniqueIdentifier>{509552d0-502b-4432-9756-916983929669}</UniqueIdentifier>
    </Filter>
    <Filter Include="Layer">
      <UniqueIdentifier>{b4cc0341-4bac-428e-90a2-764133fb0820}</UniqueIdentifier>
    </Filter>
  </ItemGroup>
  <ItemGroup>
    <ClCompile Include="main.cpp">
      <Filter>win32</Filter>
    </ClCompile>
    <ClCompile Include="..\Classes\AppDelegate.cpp">
      <Filter>Classes</Filter>
    </ClCompile>
    <ClCompile Include="..\Classes\HelloWorldScene.cpp">
      <Filter>Classes</Filter>
    </ClCompile>
    <ClCompile Include="..\Classes\CacheMaker\CacheMaker.cpp">
      <Filter>CacheMaker</Filter>
    </ClCompile>
    <ClCompile Include="..\Classes\Core\BitmapCache.cpp">
      <Filter>Core</Filter>
    </ClCompile>
    <ClCompile Include="..\Classes\Core\CacheInfo.pb.cc">
      <Filter>Core</Filter>
    </ClCompile>
    <ClCompile Include="..\Classes\Core\FileOperation.cpp">
      <Filter>Core</Filter>
    </ClCompile>
    <ClCompile Include="..\Classes\Core\GeoUtils.cpp">
      <Filter>Core</Filter>
    </ClCompile>
    <ClCompile Include="..\Classes\Core\MapControl.cpp">
      <Filter>Core</Filter>
    </ClCompile>
    <ClCompile Include="..\Classes\Core\PhysicMap.cpp">
      <Filter>Core</Filter>
    </ClCompile>
    <ClCompile Include="..\Classes\Core\PublicMsgHandler.cpp">
      <Filter>Core</Filter>
    </ClCompile>
    <ClCompile Include="..\Classes\Core\RawTile.cpp">
      <Filter>Core</Filter>
    </ClCompile>
    <ClCompile Include="..\Classes\Core\shell.c">
      <Filter>Core</Filter>
    </ClCompile>
    <ClCompile Include="..\Classes\Core\Singleton.cpp">
      <Filter>Core</Filter>
    </ClCompile>
    <ClCompile Include="..\Classes\Core\sqlite3.c">
      <Filter>Core</Filter>
    </ClCompile>
    <ClCompile Include="..\Classes\Core\SqliteLocalStorage.cpp">
      <Filter>Core</Filter>
    </ClCompile>
    <ClCompile Include="..\Classes\Core\Style.cpp">
      <Filter>Core</Filter>
    </ClCompile>
    <ClCompile Include="..\Classes\Core\SunFile.cpp">
      <Filter>Core</Filter>
    </ClCompile>
    <ClCompile Include="..\Classes\Core\TileLoader.cpp">
      <Filter>Core</Filter>
    </ClCompile>
    <ClCompile Include="..\Classes\Core\TileResolver.cpp">
      <Filter>Core</Filter>
    </ClCompile>
    <ClCompile Include="..\Classes\Core\tools.cpp">
      <Filter>Core</Filter>
    </ClCompile>
    <ClCompile Include="..\Classes\Core\VisibleRect.cpp">
      <Filter>Core</Filter>
    </ClCompile>
    <ClCompile Include="..\Classes\Layer\ControlLayer.cpp">
      <Filter>Layer</Filter>
    </ClCompile>
    <ClCompile Include="..\Classes\Layer\Feature.cpp">
      <Filter>Layer</Filter>
    </ClCompile>
    <ClCompile Include="..\Classes\Layer\LayerSwitcher.cpp">
      <Filter>Layer</Filter>
    </ClCompile>
    <ClCompile Include="..\Classes\Layer\LocalTileManager.cpp">
      <Filter>Layer</Filter>
    </ClCompile>
    <ClCompile Include="..\Classes\Layer\MarkerLayer.cpp">
      <Filter>Layer</Filter>
    </ClCompile>
    <ClCompile Include="..\Classes\Layer\VectorLayer.cpp">
      <Filter>Layer</Filter>
    </ClCompile>
    <ClCompile Include="..\Classes\MapPrivoder\AMapStrategy.cpp">
      <Filter>MapPrivoder</Filter>
    </ClCompile>
    <ClCompile Include="..\Classes\MapPrivoder\ArcGisMapStrategy.cpp">
      <Filter>MapPrivoder</Filter>
    </ClCompile>
    <ClCompile Include="..\Classes\MapPrivoder\BingMapStrategy.cpp">
      <Filter>MapPrivoder</Filter>
    </ClCompile>
    <ClCompile Include="..\Classes\MapPrivoder\BMapStrategy.cpp">
      <Filter>MapPrivoder</Filter>
    </ClCompile>
    <ClCompile Include="..\Classes\MapPrivoder\GoogleSatelliteMapStrategy.cpp">
      <Filter>MapPrivoder</Filter>
    </ClCompile>
    <ClCompile Include="..\Classes\MapPrivoder\GoogleTerrainMapStrategy.cpp">
      <Filter>MapPrivoder</Filter>
    </ClCompile>
    <ClCompile Include="..\Classes\MapPrivoder\GoogleVectorMapStrategy.cpp">
      <Filter>MapPrivoder</Filter>
    </ClCompile>
    <ClCompile Include="..\Classes\MapPrivoder\MapStrategy.cpp">
      <Filter>MapPrivoder</Filter>
    </ClCompile>
    <ClCompile Include="..\Classes\MapPrivoder\MapStrategyFactory.cpp">
      <Filter>MapPrivoder</Filter>
    </ClCompile>
    <ClCompile Include="..\Classes\MapPrivoder\OpenStreetMapStrategy.cpp">
      <Filter>MapPrivoder</Filter>
    </ClCompile>
    <ClCompile Include="..\Classes\MapPrivoder\SuperMapCloudMapStrategy.cpp">
      <Filter>MapPrivoder</Filter>
    </ClCompile>
    <ClCompile Include="..\Classes\MapPrivoder\TiandituMapStrategy.cpp">
      <Filter>MapPrivoder</Filter>
    </ClCompile>
  </ItemGroup>
  <ItemGroup>
    <ClInclude Include="main.h">
      <Filter>win32</Filter>
    </ClInclude>
    <ClInclude Include="..\Classes\AppDelegate.h">
      <Filter>Classes</Filter>
    </ClInclude>
    <ClInclude Include="..\Classes\HelloWorldScene.h">
      <Filter>Classes</Filter>
    </ClInclude>
    <ClInclude Include="..\Classes\CacheMaker\CacheMaker.h">
      <Filter>CacheMaker</Filter>
    </ClInclude>
    <ClInclude Include="..\Classes\Core\BitmapCache.h">
      <Filter>Core</Filter>
    </ClInclude>
    <ClInclude Include="..\Classes\Core\CacheInfo.pb.h">
      <Filter>Core</Filter>
    </ClInclude>
    <ClInclude Include="..\Classes\Core\FileOperation.h">
      <Filter>Core</Filter>
    </ClInclude>
    <ClInclude Include="..\Classes\Core\GeoUtils.h">
      <Filter>Core</Filter>
    </ClInclude>
    <ClInclude Include="..\Classes\Core\MapControl.h">
      <Filter>Core</Filter>
    </ClInclude>
    <ClInclude Include="..\Classes\Core\PhysicMap.h">
      <Filter>Core</Filter>
    </ClInclude>
    <ClInclude Include="..\Classes\Core\PublicMsgHandler.h">
      <Filter>Core</Filter>
    </ClInclude>
    <ClInclude Include="..\Classes\Core\RawTile.h">
      <Filter>Core</Filter>
    </ClInclude>
    <ClInclude Include="..\Classes\Core\Singleton.h">
      <Filter>Core</Filter>
    </ClInclude>
    <ClInclude Include="..\Classes\Core\sqlite3.h">
      <Filter>Core</Filter>
    </ClInclude>
    <ClInclude Include="..\Classes\Core\sqlite3ext.h">
      <Filter>Core</Filter>
    </ClInclude>
    <ClInclude Include="..\Classes\Core\SqliteLocalStorage.h">
      <Filter>Core</Filter>
    </ClInclude>
    <ClInclude Include="..\Classes\Core\Style.h">
      <Filter>Core</Filter>
    </ClInclude>
    <ClInclude Include="..\Classes\Core\SunFile.h">
      <Filter>Core</Filter>
    </ClInclude>
    <ClInclude Include="..\Classes\Core\TileLoader.h">
      <Filter>Core</Filter>
    </ClInclude>
    <ClInclude Include="..\Classes\Core\TileResolver.h">
      <Filter>Core</Filter>
    </ClInclude>
    <ClInclude Include="..\Classes\Core\tools.h">
      <Filter>Core</Filter>
    </ClInclude>
    <ClInclude Include="..\Classes\Core\VisibleRect.h">
      <Filter>Core</Filter>
    </ClInclude>
    <ClInclude Include="..\Classes\AppMacros.h">
      <Filter>Classes</Filter>
    </ClInclude>
    <ClInclude Include="..\Classes\Layer\ControlLayer.h">
      <Filter>Layer</Filter>
    </ClInclude>
    <ClInclude Include="..\Classes\Layer\Feature.h">
      <Filter>Layer</Filter>
    </ClInclude>
    <ClInclude Include="..\Classes\Layer\LayerSwitcher.h">
      <Filter>Layer</Filter>
    </ClInclude>
    <ClInclude Include="..\Classes\Layer\LocalTileManager.h">
      <Filter>Layer</Filter>
    </ClInclude>
    <ClInclude Include="..\Classes\Layer\MarkerLayer.h">
      <Filter>Layer</Filter>
    </ClInclude>
    <ClInclude Include="..\Classes\Layer\VectorLayer.h">
      <Filter>Layer</Filter>
    </ClInclude>
    <ClInclude Include="..\Classes\MapPrivoder\AMapStrategy.h">
      <Filter>MapPrivoder</Filter>
    </ClInclude>
    <ClInclude Include="..\Classes\MapPrivoder\ArcGisMapStrategy.h">
      <Filter>MapPrivoder</Filter>
    </ClInclude>
    <ClInclude Include="..\Classes\MapPrivoder\BingMapStrategy.h">
      <Filter>MapPrivoder</Filter>
    </ClInclude>
    <ClInclude Include="..\Classes\MapPrivoder\BMapStrategy.h">
      <Filter>MapPrivoder</Filter>
    </ClInclude>
    <ClInclude Include="..\Classes\MapPrivoder\GoogleSatelliteMapStrategy.h">
      <Filter>MapPrivoder</Filter>
    </ClInclude>
    <ClInclude Include="..\Classes\MapPrivoder\GoogleTerrainMapStrategy.h">
      <Filter>MapPrivoder</Filter>
    </ClInclude>
    <ClInclude Include="..\Classes\MapPrivoder\GoogleVectorMapStrategy.h">
      <Filter>MapPrivoder</Filter>
    </ClInclude>
    <ClInclude Include="..\Classes\MapPrivoder\MapStrategy.h">
      <Filter>MapPrivoder</Filter>
    </ClInclude>
    <ClInclude Include="..\Classes\MapPrivoder\MapStrategyFactory.h">
      <Filter>MapPrivoder</Filter>
    </ClInclude>
    <ClInclude Include="..\Classes\MapPrivoder\OpenStreetMapStrategy.h">
      <Filter>MapPrivoder</Filter>
    </ClInclude>
    <ClInclude Include="..\Classes\MapPrivoder\SuperMapCloudMapStrategy.h">
      <Filter>MapPrivoder</Filter>
    </ClInclude>
    <ClInclude Include="..\Classes\MapPrivoder\TiandituMapStrategy.h">
      <Filter>MapPrivoder</Filter>
    </ClInclude>
  </ItemGroup>
</Project>